// !$*UTF8*$!
{
	archiveVersion = 1;
	classes = {
	};
	objectVersion = 46;
	objects = {

/* Begin PBXBuildFile section */
		53FB7A89053D6F0F3C4EC901 /* libPods.a in Frameworks */ = {isa = PBXBuildFile; fileRef = A9FA4A808AB13CD69852873E /* libPods.a */; };
		C0A7F8B01C0A093000D1203A /* LINRegisteViewController.m in Sources */ = {isa = PBXBuildFile; fileRef = C0A7F8AF1C0A093000D1203A /* LINRegisteViewController.m */; settings = {ASSET_TAGS = (); }; };
		C0A7F8B31C0A0EEC00D1203A /* LINRegisterView.m in Sources */ = {isa = PBXBuildFile; fileRef = C0A7F8B21C0A0EEC00D1203A /* LINRegisterView.m */; settings = {ASSET_TAGS = (); }; };
		C0A7F8B51C0A18DF00D1203A /* registe.plist in Resources */ = {isa = PBXBuildFile; fileRef = C0A7F8B41C0A18DF00D1203A /* registe.plist */; settings = {ASSET_TAGS = (); }; };
		C0A7F8B91C0A197300D1203A /* LINRegisterModel.m in Sources */ = {isa = PBXBuildFile; fileRef = C0A7F8B81C0A197300D1203A /* LINRegisterModel.m */; settings = {ASSET_TAGS = (); }; };
		C0A7F8BC1C0A497200D1203A /* LINRulesViewController.m in Sources */ = {isa = PBXBuildFile; fileRef = C0A7F8BB1C0A497200D1203A /* LINRulesViewController.m */; settings = {ASSET_TAGS = (); }; };
		C0A7F8BF1C0AD1AF00D1203A /* LINNavBarView.m in Sources */ = {isa = PBXBuildFile; fileRef = C0A7F8BE1C0AD1AF00D1203A /* LINNavBarView.m */; settings = {ASSET_TAGS = (); }; };
		C0A7F8C61C0B1D9000D1203A /* MBProgressHUD+MJ.m in Sources */ = {isa = PBXBuildFile; fileRef = C0A7F8C21C0B1D9000D1203A /* MBProgressHUD+MJ.m */; settings = {ASSET_TAGS = (); }; };
		C0A7F8C71C0B1D9000D1203A /* MBProgressHUD.bundle in Resources */ = {isa = PBXBuildFile; fileRef = C0A7F8C31C0B1D9000D1203A /* MBProgressHUD.bundle */; settings = {ASSET_TAGS = (); }; };
		C0A7F8C81C0B1D9000D1203A /* MBProgressHUD.m in Sources */ = {isa = PBXBuildFile; fileRef = C0A7F8C51C0B1D9000D1203A /* MBProgressHUD.m */; settings = {ASSET_TAGS = (); }; };
		C0A7F8CB1C0B568200D1203A /* UITextField+LIN_Text_RegEx.m in Sources */ = {isa = PBXBuildFile; fileRef = C0A7F8CA1C0B568200D1203A /* UITextField+LIN_Text_RegEx.m */; settings = {ASSET_TAGS = (); }; };
		C0E71D1B1C052D3800A817A5 /* Main.storyboard in Resources */ = {isa = PBXBuildFile; fileRef = C0E71D191C052D3800A817A5 /* Main.storyboard */; };
		C0E71D1D1C052D3800A817A5 /* Assets.xcassets in Resources */ = {isa = PBXBuildFile; fileRef = C0E71D1C1C052D3800A817A5 /* Assets.xcassets */; };
		C0E71D201C052D3800A817A5 /* LaunchScreen.storyboard in Resources */ = {isa = PBXBuildFile; fileRef = C0E71D1E1C052D3800A817A5 /* LaunchScreen.storyboard */; };
		C0E71D2B1C052D3800A817A5 /* LINLocalLifeTests.m in Sources */ = {isa = PBXBuildFile; fileRef = C0E71D2A1C052D3800A817A5 /* LINLocalLifeTests.m */; };
		C0E71D361C052D3800A817A5 /* LINLocalLifeUITests.m in Sources */ = {isa = PBXBuildFile; fileRef = C0E71D351C052D3800A817A5 /* LINLocalLifeUITests.m */; };
		C0E71D7C1C052D8300A817A5 /* AppDelegate.m in Sources */ = {isa = PBXBuildFile; fileRef = C0E71D4A1C052D8300A817A5 /* AppDelegate.m */; settings = {ASSET_TAGS = (); }; };
		C0E71D7E1C052D8300A817A5 /* main.m in Sources */ = {isa = PBXBuildFile; fileRef = C0E71D4C1C052D8300A817A5 /* main.m */; settings = {ASSET_TAGS = (); }; };
		C0E71DC81C0598D300A817A5 /* LINGuideViewC.m in Sources */ = {isa = PBXBuildFile; fileRef = C0E71DC71C0598D300A817A5 /* LINGuideViewC.m */; settings = {ASSET_TAGS = (); }; };
		C0E71DCB1C05A5C200A817A5 /* LINBaseViewC.m in Sources */ = {isa = PBXBuildFile; fileRef = C0E71DCA1C05A5C200A817A5 /* LINBaseViewC.m */; settings = {ASSET_TAGS = (); }; };
		C0E71DD71C05A64400A817A5 /* UIView+Toast.m in Sources */ = {isa = PBXBuildFile; fileRef = C0E71DD31C05A64400A817A5 /* UIView+Toast.m */; settings = {ASSET_TAGS = (); }; };
		C0E71DDA1C05A73100A817A5 /* UIColor+Cate.m in Sources */ = {isa = PBXBuildFile; fileRef = C0E71DD91C05A73100A817A5 /* UIColor+Cate.m */; settings = {ASSET_TAGS = (); }; };
		C0E71DDD1C05A9E700A817A5 /* LINMainBaseViewC.m in Sources */ = {isa = PBXBuildFile; fileRef = C0E71DDC1C05A9E700A817A5 /* LINMainBaseViewC.m */; settings = {ASSET_TAGS = (); }; };
		C0E71DE21C05B1B700A817A5 /* LINMainNavC.m in Sources */ = {isa = PBXBuildFile; fileRef = C0E71DE11C05B1B700A817A5 /* LINMainNavC.m */; settings = {ASSET_TAGS = (); }; };
		C0E71DE51C05C49000A817A5 /* LINHomeCollectionV.m in Sources */ = {isa = PBXBuildFile; fileRef = C0E71DE41C05C49000A817A5 /* LINHomeCollectionV.m */; settings = {ASSET_TAGS = (); }; };
		C0E71DE81C05C52800A817A5 /* LINHotsC.m in Sources */ = {isa = PBXBuildFile; fileRef = C0E71DE71C05C52800A817A5 /* LINHotsC.m */; settings = {ASSET_TAGS = (); }; };
		C0E71DEB1C05C57500A817A5 /* LINUsC.m in Sources */ = {isa = PBXBuildFile; fileRef = C0E71DEA1C05C57500A817A5 /* LINUsC.m */; settings = {ASSET_TAGS = (); }; };
		C0E71DED1C05CB5900A817A5 /* home.plist in Resources */ = {isa = PBXBuildFile; fileRef = C0E71DEC1C05CB5900A817A5 /* home.plist */; settings = {ASSET_TAGS = (); }; };
		C0E71DF01C05CC5800A817A5 /* LINCollectionModel.m in Sources */ = {isa = PBXBuildFile; fileRef = C0E71DEF1C05CC5800A817A5 /* LINCollectionModel.m */; settings = {ASSET_TAGS = (); }; };
		C0E71DF31C05CCD000A817A5 /* LINFocusM.m in Sources */ = {isa = PBXBuildFile; fileRef = C0E71DF21C05CCD000A817A5 /* LINFocusM.m */; settings = {ASSET_TAGS = (); }; };
		C0E71DF61C05CCE100A817A5 /* LINGroupM.m in Sources */ = {isa = PBXBuildFile; fileRef = C0E71DF51C05CCE100A817A5 /* LINGroupM.m */; settings = {ASSET_TAGS = (); }; };
		C0E71DF91C05CCEF00A817A5 /* LINFamousM.m in Sources */ = {isa = PBXBuildFile; fileRef = C0E71DF81C05CCEF00A817A5 /* LINFamousM.m */; settings = {ASSET_TAGS = (); }; };
		C0E71DFC1C05CCFE00A817A5 /* LINGuessM.m in Sources */ = {isa = PBXBuildFile; fileRef = C0E71DFB1C05CCFE00A817A5 /* LINGuessM.m */; settings = {ASSET_TAGS = (); }; };
		C0E71E151C05CD8500A817A5 /* MJDictionaryCache.m in Sources */ = {isa = PBXBuildFile; fileRef = C0E71DFF1C05CD8400A817A5 /* MJDictionaryCache.m */; settings = {ASSET_TAGS = (); }; };
		C0E71E161C05CD8500A817A5 /* MJExtensionConst.m in Sources */ = {isa = PBXBuildFile; fileRef = C0E71E021C05CD8400A817A5 /* MJExtensionConst.m */; settings = {ASSET_TAGS = (); }; };
		C0E71E171C05CD8500A817A5 /* MJFoundation.m in Sources */ = {isa = PBXBuildFile; fileRef = C0E71E041C05CD8400A817A5 /* MJFoundation.m */; settings = {ASSET_TAGS = (); }; };
		C0E71E181C05CD8500A817A5 /* MJProperty.m in Sources */ = {isa = PBXBuildFile; fileRef = C0E71E061C05CD8400A817A5 /* MJProperty.m */; settings = {ASSET_TAGS = (); }; };
		C0E71E191C05CD8500A817A5 /* MJPropertyKey.m in Sources */ = {isa = PBXBuildFile; fileRef = C0E71E081C05CD8400A817A5 /* MJPropertyKey.m */; settings = {ASSET_TAGS = (); }; };
		C0E71E1A1C05CD8500A817A5 /* MJPropertyType.m in Sources */ = {isa = PBXBuildFile; fileRef = C0E71E0A1C05CD8400A817A5 /* MJPropertyType.m */; settings = {ASSET_TAGS = (); }; };
		C0E71E1B1C05CD8500A817A5 /* NSObject+MJClass.m in Sources */ = {isa = PBXBuildFile; fileRef = C0E71E0C1C05CD8400A817A5 /* NSObject+MJClass.m */; settings = {ASSET_TAGS = (); }; };
		C0E71E1C1C05CD8500A817A5 /* NSObject+MJCoding.m in Sources */ = {isa = PBXBuildFile; fileRef = C0E71E0E1C05CD8400A817A5 /* NSObject+MJCoding.m */; settings = {ASSET_TAGS = (); }; };
		C0E71E1D1C05CD8500A817A5 /* NSObject+MJKeyValue.m in Sources */ = {isa = PBXBuildFile; fileRef = C0E71E101C05CD8500A817A5 /* NSObject+MJKeyValue.m */; settings = {ASSET_TAGS = (); }; };
		C0E71E1E1C05CD8500A817A5 /* NSObject+MJProperty.m in Sources */ = {isa = PBXBuildFile; fileRef = C0E71E121C05CD8500A817A5 /* NSObject+MJProperty.m */; settings = {ASSET_TAGS = (); }; };
		C0E71E1F1C05CD8500A817A5 /* NSString+MJExtension.m in Sources */ = {isa = PBXBuildFile; fileRef = C0E71E141C05CD8500A817A5 /* NSString+MJExtension.m */; settings = {ASSET_TAGS = (); }; };
		C0E71F691C08672900A817A5 /* LINCircleController.m in Sources */ = {isa = PBXBuildFile; fileRef = C0E71F681C08672900A817A5 /* LINCircleController.m */; settings = {ASSET_TAGS = (); }; };
		C0E71F6C1C08678600A817A5 /* LINTabbarView.m in Sources */ = {isa = PBXBuildFile; fileRef = C0E71F6B1C08678600A817A5 /* LINTabbarView.m */; settings = {ASSET_TAGS = (); }; };
		C0E71F701C086C9100A817A5 /* UIView+Ex.m in Sources */ = {isa = PBXBuildFile; fileRef = C0E71F6F1C086C9100A817A5 /* UIView+Ex.m */; settings = {ASSET_TAGS = (); }; };
		C0E71F8A1C086D5900A817A5 /* Info.plist in Resources */ = {isa = PBXBuildFile; fileRef = C0E71F721C086D5900A817A5 /* Info.plist */; settings = {ASSET_TAGS = (); }; };
		C0E71F8B1C086D5900A817A5 /* MASCompositeConstraint.m in Sources */ = {isa = PBXBuildFile; fileRef = C0E71F741C086D5900A817A5 /* MASCompositeConstraint.m */; settings = {ASSET_TAGS = (); }; };
		C0E71F8C1C086D5900A817A5 /* MASConstraint.m in Sources */ = {isa = PBXBuildFile; fileRef = C0E71F771C086D5900A817A5 /* MASConstraint.m */; settings = {ASSET_TAGS = (); }; };
		C0E71F8D1C086D5900A817A5 /* MASConstraintMaker.m in Sources */ = {isa = PBXBuildFile; fileRef = C0E71F791C086D5900A817A5 /* MASConstraintMaker.m */; settings = {ASSET_TAGS = (); }; };
		C0E71F8E1C086D5900A817A5 /* MASLayoutConstraint.m in Sources */ = {isa = PBXBuildFile; fileRef = C0E71F7B1C086D5900A817A5 /* MASLayoutConstraint.m */; settings = {ASSET_TAGS = (); }; };
		C0E71F8F1C086D5900A817A5 /* MASViewAttribute.m in Sources */ = {isa = PBXBuildFile; fileRef = C0E71F7F1C086D5900A817A5 /* MASViewAttribute.m */; settings = {ASSET_TAGS = (); }; };
		C0E71F901C086D5900A817A5 /* MASViewConstraint.m in Sources */ = {isa = PBXBuildFile; fileRef = C0E71F811C086D5900A817A5 /* MASViewConstraint.m */; settings = {ASSET_TAGS = (); }; };
		C0E71F911C086D5900A817A5 /* NSArray+MASAdditions.m in Sources */ = {isa = PBXBuildFile; fileRef = C0E71F831C086D5900A817A5 /* NSArray+MASAdditions.m */; settings = {ASSET_TAGS = (); }; };
		C0E71F921C086D5900A817A5 /* NSLayoutConstraint+MASDebugAdditions.m in Sources */ = {isa = PBXBuildFile; fileRef = C0E71F861C086D5900A817A5 /* NSLayoutConstraint+MASDebugAdditions.m */; settings = {ASSET_TAGS = (); }; };
		C0E71F931C086D5900A817A5 /* View+MASAdditions.m in Sources */ = {isa = PBXBuildFile; fileRef = C0E71F881C086D5900A817A5 /* View+MASAdditions.m */; settings = {ASSET_TAGS = (); }; };
		C0E71F961C09492F00A817A5 /* LINToolsController.m in Sources */ = {isa = PBXBuildFile; fileRef = C0E71F951C09492F00A817A5 /* LINToolsController.m */; settings = {ASSET_TAGS = (); }; };
		C0E71F991C09496100A817A5 /* LINOnliveViewController.m in Sources */ = {isa = PBXBuildFile; fileRef = C0E71F981C09496100A817A5 /* LINOnliveViewController.m */; settings = {ASSET_TAGS = (); }; };
		C0E71F9C1C09497700A817A5 /* LINShakeViewController.m in Sources */ = {isa = PBXBuildFile; fileRef = C0E71F9B1C09497700A817A5 /* LINShakeViewController.m */; settings = {ASSET_TAGS = (); }; };
		C0E71F9F1C09499A00A817A5 /* LINXmppViewController.m in Sources */ = {isa = PBXBuildFile; fileRef = C0E71F9E1C09499A00A817A5 /* LINXmppViewController.m */; settings = {ASSET_TAGS = (); }; };
		C0E71FA21C097C3F00A817A5 /* LINHomeLoginViewController.m in Sources */ = {isa = PBXBuildFile; fileRef = C0E71FA11C097C3F00A817A5 /* LINHomeLoginViewController.m */; settings = {ASSET_TAGS = (); }; };
		C0E71FA51C097C6800A817A5 /* LINLoginView.m in Sources */ = {isa = PBXBuildFile; fileRef = C0E71FA41C097C6800A817A5 /* LINLoginView.m */; settings = {ASSET_TAGS = (); }; };
		C0E71FA81C09AA4300A817A5 /* LINDel_HightlightBtn.m in Sources */ = {isa = PBXBuildFile; fileRef = C0E71FA71C09AA4300A817A5 /* LINDel_HightlightBtn.m */; settings = {ASSET_TAGS = (); }; };
		C0E71FAF1C09F43F00A817A5 /* third_login.plist in Resources */ = {isa = PBXBuildFile; fileRef = C0E71FAE1C09F43F00A817A5 /* third_login.plist */; settings = {ASSET_TAGS = (); }; };
/* End PBXBuildFile section */

/* Begin PBXContainerItemProxy section */
		C0E71D271C052D3800A817A5 /* PBXContainerItemProxy */ = {
			isa = PBXContainerItemProxy;
			containerPortal = C0E71D051C052D3800A817A5 /* Project object */;
			proxyType = 1;
			remoteGlobalIDString = C0E71D0C1C052D3800A817A5;
			remoteInfo = LINLocalLife;
		};
		C0E71D321C052D3800A817A5 /* PBXContainerItemProxy */ = {
			isa = PBXContainerItemProxy;
			containerPortal = C0E71D051C052D3800A817A5 /* Project object */;
			proxyType = 1;
			remoteGlobalIDString = C0E71D0C1C052D3800A817A5;
			remoteInfo = LINLocalLife;
		};
/* End PBXContainerItemProxy section */

/* Begin PBXFileReference section */
		A9FA4A808AB13CD69852873E /* libPods.a */ = {isa = PBXFileReference; explicitFileType = archive.ar; includeInIndex = 0; path = libPods.a; sourceTree = BUILT_PRODUCTS_DIR; };
		AF5B46BD41DF18AB0A7A4A33 /* Pods.debug.xcconfig */ = {isa = PBXFileReference; includeInIndex = 1; lastKnownFileType = text.xcconfig; name = Pods.debug.xcconfig; path = "Pods/Target Support Files/Pods/Pods.debug.xcconfig"; sourceTree = "<group>"; };
		C0A7F8AE1C0A093000D1203A /* LINRegisteViewController.h */ = {isa = PBXFileReference; fileEncoding = 4; lastKnownFileType = sourcecode.c.h; path = LINRegisteViewController.h; sourceTree = "<group>"; };
		C0A7F8AF1C0A093000D1203A /* LINRegisteViewController.m */ = {isa = PBXFileReference; fileEncoding = 4; lastKnownFileType = sourcecode.c.objc; path = LINRegisteViewController.m; sourceTree = "<group>"; };
		C0A7F8B11C0A0EEC00D1203A /* LINRegisterView.h */ = {isa = PBXFileReference; fileEncoding = 4; lastKnownFileType = sourcecode.c.h; path = LINRegisterView.h; sourceTree = "<group>"; };
		C0A7F8B21C0A0EEC00D1203A /* LINRegisterView.m */ = {isa = PBXFileReference; fileEncoding = 4; lastKnownFileType = sourcecode.c.objc; path = LINRegisterView.m; sourceTree = "<group>"; };
		C0A7F8B41C0A18DF00D1203A /* registe.plist */ = {isa = PBXFileReference; fileEncoding = 4; lastKnownFileType = text.plist.xml; path = registe.plist; sourceTree = "<group>"; };
		C0A7F8B71C0A197300D1203A /* LINRegisterModel.h */ = {isa = PBXFileReference; fileEncoding = 4; lastKnownFileType = sourcecode.c.h; path = LINRegisterModel.h; sourceTree = "<group>"; };
		C0A7F8B81C0A197300D1203A /* LINRegisterModel.m */ = {isa = PBXFileReference; fileEncoding = 4; lastKnownFileType = sourcecode.c.objc; path = LINRegisterModel.m; sourceTree = "<group>"; };
		C0A7F8BA1C0A497200D1203A /* LINRulesViewController.h */ = {isa = PBXFileReference; fileEncoding = 4; lastKnownFileType = sourcecode.c.h; path = LINRulesViewController.h; sourceTree = "<group>"; };
		C0A7F8BB1C0A497200D1203A /* LINRulesViewController.m */ = {isa = PBXFileReference; fileEncoding = 4; lastKnownFileType = sourcecode.c.objc; path = LINRulesViewController.m; sourceTree = "<group>"; };
		C0A7F8BD1C0AD1AF00D1203A /* LINNavBarView.h */ = {isa = PBXFileReference; fileEncoding = 4; lastKnownFileType = sourcecode.c.h; path = LINNavBarView.h; sourceTree = "<group>"; };
		C0A7F8BE1C0AD1AF00D1203A /* LINNavBarView.m */ = {isa = PBXFileReference; fileEncoding = 4; lastKnownFileType = sourcecode.c.objc; path = LINNavBarView.m; sourceTree = "<group>"; };
		C0A7F8C11C0B1D9000D1203A /* MBProgressHUD+MJ.h */ = {isa = PBXFileReference; fileEncoding = 4; lastKnownFileType = sourcecode.c.h; path = "MBProgressHUD+MJ.h"; sourceTree = "<group>"; };
		C0A7F8C21C0B1D9000D1203A /* MBProgressHUD+MJ.m */ = {isa = PBXFileReference; fileEncoding = 4; lastKnownFileType = sourcecode.c.objc; path = "MBProgressHUD+MJ.m"; sourceTree = "<group>"; };
		C0A7F8C31C0B1D9000D1203A /* MBProgressHUD.bundle */ = {isa = PBXFileReference; lastKnownFileType = "wrapper.plug-in"; path = MBProgressHUD.bundle; sourceTree = "<group>"; };
		C0A7F8C41C0B1D9000D1203A /* MBProgressHUD.h */ = {isa = PBXFileReference; fileEncoding = 4; lastKnownFileType = sourcecode.c.h; path = MBProgressHUD.h; sourceTree = "<group>"; };
		C0A7F8C51C0B1D9000D1203A /* MBProgressHUD.m */ = {isa = PBXFileReference; fileEncoding = 4; lastKnownFileType = sourcecode.c.objc; path = MBProgressHUD.m; sourceTree = "<group>"; };
		C0A7F8C91C0B568200D1203A /* UITextField+LIN_Text_RegEx.h */ = {isa = PBXFileReference; fileEncoding = 4; lastKnownFileType = sourcecode.c.h; path = "UITextField+LIN_Text_RegEx.h"; sourceTree = "<group>"; };
		C0A7F8CA1C0B568200D1203A /* UITextField+LIN_Text_RegEx.m */ = {isa = PBXFileReference; fileEncoding = 4; lastKnownFileType = sourcecode.c.objc; path = "UITextField+LIN_Text_RegEx.m"; sourceTree = "<group>"; };
		C0E71D0D1C052D3800A817A5 /* LINLocalLife.app */ = {isa = PBXFileReference; explicitFileType = wrapper.application; includeInIndex = 0; path = LINLocalLife.app; sourceTree = BUILT_PRODUCTS_DIR; };
		C0E71D1A1C052D3800A817A5 /* Base */ = {isa = PBXFileReference; lastKnownFileType = file.storyboard; name = Base; path = Base.lproj/Main.storyboard; sourceTree = "<group>"; };
		C0E71D1C1C052D3800A817A5 /* Assets.xcassets */ = {isa = PBXFileReference; lastKnownFileType = folder.assetcatalog; path = Assets.xcassets; sourceTree = "<group>"; };
		C0E71D1F1C052D3800A817A5 /* Base */ = {isa = PBXFileReference; lastKnownFileType = file.storyboard; name = Base; path = Base.lproj/LaunchScreen.storyboard; sourceTree = "<group>"; };
		C0E71D211C052D3800A817A5 /* Info.plist */ = {isa = PBXFileReference; lastKnownFileType = text.plist.xml; name = Info.plist; path = ../Info.plist; sourceTree = "<group>"; };
		C0E71D261C052D3800A817A5 /* LINLocalLifeTests.xctest */ = {isa = PBXFileReference; explicitFileType = wrapper.cfbundle; includeInIndex = 0; path = LINLocalLifeTests.xctest; sourceTree = BUILT_PRODUCTS_DIR; };
		C0E71D2A1C052D3800A817A5 /* LINLocalLifeTests.m */ = {isa = PBXFileReference; lastKnownFileType = sourcecode.c.objc; path = LINLocalLifeTests.m; sourceTree = "<group>"; };
		C0E71D2C1C052D3800A817A5 /* Info.plist */ = {isa = PBXFileReference; lastKnownFileType = text.plist.xml; path = Info.plist; sourceTree = "<group>"; };
		C0E71D311C052D3800A817A5 /* LINLocalLifeUITests.xctest */ = {isa = PBXFileReference; explicitFileType = wrapper.cfbundle; includeInIndex = 0; path = LINLocalLifeUITests.xctest; sourceTree = BUILT_PRODUCTS_DIR; };
		C0E71D351C052D3800A817A5 /* LINLocalLifeUITests.m */ = {isa = PBXFileReference; lastKnownFileType = sourcecode.c.objc; path = LINLocalLifeUITests.m; sourceTree = "<group>"; };
		C0E71D371C052D3800A817A5 /* Info.plist */ = {isa = PBXFileReference; lastKnownFileType = text.plist.xml; path = Info.plist; sourceTree = "<group>"; };
		C0E71D491C052D8300A817A5 /* AppDelegate.h */ = {isa = PBXFileReference; fileEncoding = 4; lastKnownFileType = sourcecode.c.h; path = AppDelegate.h; sourceTree = "<group>"; };
		C0E71D4A1C052D8300A817A5 /* AppDelegate.m */ = {isa = PBXFileReference; fileEncoding = 4; lastKnownFileType = sourcecode.c.objc; path = AppDelegate.m; sourceTree = "<group>"; };
		C0E71D4C1C052D8300A817A5 /* main.m */ = {isa = PBXFileReference; fileEncoding = 4; lastKnownFileType = sourcecode.c.objc; path = main.m; sourceTree = "<group>"; };
		C0E71DC61C0598D300A817A5 /* LINGuideViewC.h */ = {isa = PBXFileReference; fileEncoding = 4; lastKnownFileType = sourcecode.c.h; path = LINGuideViewC.h; sourceTree = "<group>"; };
		C0E71DC71C0598D300A817A5 /* LINGuideViewC.m */ = {isa = PBXFileReference; fileEncoding = 4; lastKnownFileType = sourcecode.c.objc; path = LINGuideViewC.m; sourceTree = "<group>"; };
		C0E71DC91C05A5C200A817A5 /* LINBaseViewC.h */ = {isa = PBXFileReference; fileEncoding = 4; lastKnownFileType = sourcecode.c.h; path = LINBaseViewC.h; sourceTree = "<group>"; };
		C0E71DCA1C05A5C200A817A5 /* LINBaseViewC.m */ = {isa = PBXFileReference; fileEncoding = 4; lastKnownFileType = sourcecode.c.objc; path = LINBaseViewC.m; sourceTree = "<group>"; };
		C0E71DD21C05A64400A817A5 /* UIView+Toast.h */ = {isa = PBXFileReference; fileEncoding = 4; lastKnownFileType = sourcecode.c.h; path = "UIView+Toast.h"; sourceTree = "<group>"; };
		C0E71DD31C05A64400A817A5 /* UIView+Toast.m */ = {isa = PBXFileReference; fileEncoding = 4; lastKnownFileType = sourcecode.c.objc; path = "UIView+Toast.m"; sourceTree = "<group>"; };
		C0E71DD81C05A73100A817A5 /* UIColor+Cate.h */ = {isa = PBXFileReference; fileEncoding = 4; lastKnownFileType = sourcecode.c.h; path = "UIColor+Cate.h"; sourceTree = "<group>"; };
		C0E71DD91C05A73100A817A5 /* UIColor+Cate.m */ = {isa = PBXFileReference; fileEncoding = 4; lastKnownFileType = sourcecode.c.objc; path = "UIColor+Cate.m"; sourceTree = "<group>"; };
		C0E71DDB1C05A9E700A817A5 /* LINMainBaseViewC.h */ = {isa = PBXFileReference; fileEncoding = 4; lastKnownFileType = sourcecode.c.h; path = LINMainBaseViewC.h; sourceTree = "<group>"; };
		C0E71DDC1C05A9E700A817A5 /* LINMainBaseViewC.m */ = {isa = PBXFileReference; fileEncoding = 4; lastKnownFileType = sourcecode.c.objc; path = LINMainBaseViewC.m; sourceTree = "<group>"; };
		C0E71DDF1C05ABE000A817A5 /* PrefixHeader.pch */ = {isa = PBXFileReference; fileEncoding = 4; lastKnownFileType = sourcecode.c.h; path = PrefixHeader.pch; sourceTree = "<group>"; };
		C0E71DE01C05B1B700A817A5 /* LINMainNavC.h */ = {isa = PBXFileReference; fileEncoding = 4; lastKnownFileType = sourcecode.c.h; path = LINMainNavC.h; sourceTree = "<group>"; };
		C0E71DE11C05B1B700A817A5 /* LINMainNavC.m */ = {isa = PBXFileReference; fileEncoding = 4; lastKnownFileType = sourcecode.c.objc; path = LINMainNavC.m; sourceTree = "<group>"; };
		C0E71DE31C05C49000A817A5 /* LINHomeCollectionV.h */ = {isa = PBXFileReference; fileEncoding = 4; lastKnownFileType = sourcecode.c.h; path = LINHomeCollectionV.h; sourceTree = "<group>"; };
		C0E71DE41C05C49000A817A5 /* LINHomeCollectionV.m */ = {isa = PBXFileReference; fileEncoding = 4; lastKnownFileType = sourcecode.c.objc; path = LINHomeCollectionV.m; sourceTree = "<group>"; };
		C0E71DE61C05C52800A817A5 /* LINHotsC.h */ = {isa = PBXFileReference; fileEncoding = 4; lastKnownFileType = sourcecode.c.h; path = LINHotsC.h; sourceTree = "<group>"; };
		C0E71DE71C05C52800A817A5 /* LINHotsC.m */ = {isa = PBXFileReference; fileEncoding = 4; lastKnownFileType = sourcecode.c.objc; path = LINHotsC.m; sourceTree = "<group>"; };
		C0E71DE91C05C57500A817A5 /* LINUsC.h */ = {isa = PBXFileReference; fileEncoding = 4; lastKnownFileType = sourcecode.c.h; path = LINUsC.h; sourceTree = "<group>"; };
		C0E71DEA1C05C57500A817A5 /* LINUsC.m */ = {isa = PBXFileReference; fileEncoding = 4; lastKnownFileType = sourcecode.c.objc; path = LINUsC.m; sourceTree = "<group>"; };
		C0E71DEC1C05CB5900A817A5 /* home.plist */ = {isa = PBXFileReference; fileEncoding = 4; lastKnownFileType = text.plist.xml; path = home.plist; sourceTree = "<group>"; };
		C0E71DEE1C05CC5800A817A5 /* LINCollectionModel.h */ = {isa = PBXFileReference; fileEncoding = 4; lastKnownFileType = sourcecode.c.h; path = LINCollectionModel.h; sourceTree = "<group>"; };
		C0E71DEF1C05CC5800A817A5 /* LINCollectionModel.m */ = {isa = PBXFileReference; fileEncoding = 4; lastKnownFileType = sourcecode.c.objc; path = LINCollectionModel.m; sourceTree = "<group>"; };
		C0E71DF11C05CCD000A817A5 /* LINFocusM.h */ = {isa = PBXFileReference; fileEncoding = 4; lastKnownFileType = sourcecode.c.h; path = LINFocusM.h; sourceTree = "<group>"; };
		C0E71DF21C05CCD000A817A5 /* LINFocusM.m */ = {isa = PBXFileReference; fileEncoding = 4; lastKnownFileType = sourcecode.c.objc; path = LINFocusM.m; sourceTree = "<group>"; };
		C0E71DF41C05CCE100A817A5 /* LINGroupM.h */ = {isa = PBXFileReference; fileEncoding = 4; lastKnownFileType = sourcecode.c.h; path = LINGroupM.h; sourceTree = "<group>"; };
		C0E71DF51C05CCE100A817A5 /* LINGroupM.m */ = {isa = PBXFileReference; fileEncoding = 4; lastKnownFileType = sourcecode.c.objc; path = LINGroupM.m; sourceTree = "<group>"; };
		C0E71DF71C05CCEF00A817A5 /* LINFamousM.h */ = {isa = PBXFileReference; fileEncoding = 4; lastKnownFileType = sourcecode.c.h; path = LINFamousM.h; sourceTree = "<group>"; };
		C0E71DF81C05CCEF00A817A5 /* LINFamousM.m */ = {isa = PBXFileReference; fileEncoding = 4; lastKnownFileType = sourcecode.c.objc; path = LINFamousM.m; sourceTree = "<group>"; };
		C0E71DFA1C05CCFE00A817A5 /* LINGuessM.h */ = {isa = PBXFileReference; fileEncoding = 4; lastKnownFileType = sourcecode.c.h; path = LINGuessM.h; sourceTree = "<group>"; };
		C0E71DFB1C05CCFE00A817A5 /* LINGuessM.m */ = {isa = PBXFileReference; fileEncoding = 4; lastKnownFileType = sourcecode.c.objc; path = LINGuessM.m; sourceTree = "<group>"; };
		C0E71DFE1C05CD8400A817A5 /* MJDictionaryCache.h */ = {isa = PBXFileReference; fileEncoding = 4; lastKnownFileType = sourcecode.c.h; path = MJDictionaryCache.h; sourceTree = "<group>"; };
		C0E71DFF1C05CD8400A817A5 /* MJDictionaryCache.m */ = {isa = PBXFileReference; fileEncoding = 4; lastKnownFileType = sourcecode.c.objc; path = MJDictionaryCache.m; sourceTree = "<group>"; };
		C0E71E001C05CD8400A817A5 /* MJExtension.h */ = {isa = PBXFileReference; fileEncoding = 4; lastKnownFileType = sourcecode.c.h; path = MJExtension.h; sourceTree = "<group>"; };
		C0E71E011C05CD8400A817A5 /* MJExtensionConst.h */ = {isa = PBXFileReference; fileEncoding = 4; lastKnownFileType = sourcecode.c.h; path = MJExtensionConst.h; sourceTree = "<group>"; };
		C0E71E021C05CD8400A817A5 /* MJExtensionConst.m */ = {isa = PBXFileReference; fileEncoding = 4; lastKnownFileType = sourcecode.c.objc; path = MJExtensionConst.m; sourceTree = "<group>"; };
		C0E71E031C05CD8400A817A5 /* MJFoundation.h */ = {isa = PBXFileReference; fileEncoding = 4; lastKnownFileType = sourcecode.c.h; path = MJFoundation.h; sourceTree = "<group>"; };
		C0E71E041C05CD8400A817A5 /* MJFoundation.m */ = {isa = PBXFileReference; fileEncoding = 4; lastKnownFileType = sourcecode.c.objc; path = MJFoundation.m; sourceTree = "<group>"; };
		C0E71E051C05CD8400A817A5 /* MJProperty.h */ = {isa = PBXFileReference; fileEncoding = 4; lastKnownFileType = sourcecode.c.h; path = MJProperty.h; sourceTree = "<group>"; };
		C0E71E061C05CD8400A817A5 /* MJProperty.m */ = {isa = PBXFileReference; fileEncoding = 4; lastKnownFileType = sourcecode.c.objc; path = MJProperty.m; sourceTree = "<group>"; };
		C0E71E071C05CD8400A817A5 /* MJPropertyKey.h */ = {isa = PBXFileReference; fileEncoding = 4; lastKnownFileType = sourcecode.c.h; path = MJPropertyKey.h; sourceTree = "<group>"; };
		C0E71E081C05CD8400A817A5 /* MJPropertyKey.m */ = {isa = PBXFileReference; fileEncoding = 4; lastKnownFileType = sourcecode.c.objc; path = MJPropertyKey.m; sourceTree = "<group>"; };
		C0E71E091C05CD8400A817A5 /* MJPropertyType.h */ = {isa = PBXFileReference; fileEncoding = 4; lastKnownFileType = sourcecode.c.h; path = MJPropertyType.h; sourceTree = "<group>"; };
		C0E71E0A1C05CD8400A817A5 /* MJPropertyType.m */ = {isa = PBXFileReference; fileEncoding = 4; lastKnownFileType = sourcecode.c.objc; path = MJPropertyType.m; sourceTree = "<group>"; };
		C0E71E0B1C05CD8400A817A5 /* NSObject+MJClass.h */ = {isa = PBXFileReference; fileEncoding = 4; lastKnownFileType = sourcecode.c.h; path = "NSObject+MJClass.h"; sourceTree = "<group>"; };
		C0E71E0C1C05CD8400A817A5 /* NSObject+MJClass.m */ = {isa = PBXFileReference; fileEncoding = 4; lastKnownFileType = sourcecode.c.objc; path = "NSObject+MJClass.m"; sourceTree = "<group>"; };
		C0E71E0D1C05CD8400A817A5 /* NSObject+MJCoding.h */ = {isa = PBXFileReference; fileEncoding = 4; lastKnownFileType = sourcecode.c.h; path = "NSObject+MJCoding.h"; sourceTree = "<group>"; };
		C0E71E0E1C05CD8400A817A5 /* NSObject+MJCoding.m */ = {isa = PBXFileReference; fileEncoding = 4; lastKnownFileType = sourcecode.c.objc; path = "NSObject+MJCoding.m"; sourceTree = "<group>"; };
		C0E71E0F1C05CD8500A817A5 /* NSObject+MJKeyValue.h */ = {isa = PBXFileReference; fileEncoding = 4; lastKnownFileType = sourcecode.c.h; path = "NSObject+MJKeyValue.h"; sourceTree = "<group>"; };
		C0E71E101C05CD8500A817A5 /* NSObject+MJKeyValue.m */ = {isa = PBXFileReference; fileEncoding = 4; lastKnownFileType = sourcecode.c.objc; path = "NSObject+MJKeyValue.m"; sourceTree = "<group>"; };
		C0E71E111C05CD8500A817A5 /* NSObject+MJProperty.h */ = {isa = PBXFileReference; fileEncoding = 4; lastKnownFileType = sourcecode.c.h; path = "NSObject+MJProperty.h"; sourceTree = "<group>"; };
		C0E71E121C05CD8500A817A5 /* NSObject+MJProperty.m */ = {isa = PBXFileReference; fileEncoding = 4; lastKnownFileType = sourcecode.c.objc; path = "NSObject+MJProperty.m"; sourceTree = "<group>"; };
		C0E71E131C05CD8500A817A5 /* NSString+MJExtension.h */ = {isa = PBXFileReference; fileEncoding = 4; lastKnownFileType = sourcecode.c.h; path = "NSString+MJExtension.h"; sourceTree = "<group>"; };
		C0E71E141C05CD8500A817A5 /* NSString+MJExtension.m */ = {isa = PBXFileReference; fileEncoding = 4; lastKnownFileType = sourcecode.c.objc; path = "NSString+MJExtension.m"; sourceTree = "<group>"; };
		C0E71F671C08672900A817A5 /* LINCircleController.h */ = {isa = PBXFileReference; fileEncoding = 4; lastKnownFileType = sourcecode.c.h; path = LINCircleController.h; sourceTree = "<group>"; };
		C0E71F681C08672900A817A5 /* LINCircleController.m */ = {isa = PBXFileReference; fileEncoding = 4; lastKnownFileType = sourcecode.c.objc; path = LINCircleController.m; sourceTree = "<group>"; };
		C0E71F6A1C08678600A817A5 /* LINTabbarView.h */ = {isa = PBXFileReference; fileEncoding = 4; lastKnownFileType = sourcecode.c.h; path = LINTabbarView.h; sourceTree = "<group>"; };
		C0E71F6B1C08678600A817A5 /* LINTabbarView.m */ = {isa = PBXFileReference; fileEncoding = 4; lastKnownFileType = sourcecode.c.objc; path = LINTabbarView.m; sourceTree = "<group>"; };
		C0E71F6E1C086C9100A817A5 /* UIView+Ex.h */ = {isa = PBXFileReference; fileEncoding = 4; lastKnownFileType = sourcecode.c.h; path = "UIView+Ex.h"; sourceTree = "<group>"; };
		C0E71F6F1C086C9100A817A5 /* UIView+Ex.m */ = {isa = PBXFileReference; fileEncoding = 4; lastKnownFileType = sourcecode.c.objc; path = "UIView+Ex.m"; sourceTree = "<group>"; };
		C0E71F721C086D5900A817A5 /* Info.plist */ = {isa = PBXFileReference; fileEncoding = 4; lastKnownFileType = text.plist.xml; path = Info.plist; sourceTree = "<group>"; };
		C0E71F731C086D5900A817A5 /* MASCompositeConstraint.h */ = {isa = PBXFileReference; fileEncoding = 4; lastKnownFileType = sourcecode.c.h; path = MASCompositeConstraint.h; sourceTree = "<group>"; };
		C0E71F741C086D5900A817A5 /* MASCompositeConstraint.m */ = {isa = PBXFileReference; fileEncoding = 4; lastKnownFileType = sourcecode.c.objc; path = MASCompositeConstraint.m; sourceTree = "<group>"; };
		C0E71F751C086D5900A817A5 /* MASConstraint+Private.h */ = {isa = PBXFileReference; fileEncoding = 4; lastKnownFileType = sourcecode.c.h; path = "MASConstraint+Private.h"; sourceTree = "<group>"; };
		C0E71F761C086D5900A817A5 /* MASConstraint.h */ = {isa = PBXFileReference; fileEncoding = 4; lastKnownFileType = sourcecode.c.h; path = MASConstraint.h; sourceTree = "<group>"; };
		C0E71F771C086D5900A817A5 /* MASConstraint.m */ = {isa = PBXFileReference; fileEncoding = 4; lastKnownFileType = sourcecode.c.objc; path = MASConstraint.m; sourceTree = "<group>"; };
		C0E71F781C086D5900A817A5 /* MASConstraintMaker.h */ = {isa = PBXFileReference; fileEncoding = 4; lastKnownFileType = sourcecode.c.h; path = MASConstraintMaker.h; sourceTree = "<group>"; };
		C0E71F791C086D5900A817A5 /* MASConstraintMaker.m */ = {isa = PBXFileReference; fileEncoding = 4; lastKnownFileType = sourcecode.c.objc; path = MASConstraintMaker.m; sourceTree = "<group>"; };
		C0E71F7A1C086D5900A817A5 /* MASLayoutConstraint.h */ = {isa = PBXFileReference; fileEncoding = 4; lastKnownFileType = sourcecode.c.h; path = MASLayoutConstraint.h; sourceTree = "<group>"; };
		C0E71F7B1C086D5900A817A5 /* MASLayoutConstraint.m */ = {isa = PBXFileReference; fileEncoding = 4; lastKnownFileType = sourcecode.c.objc; path = MASLayoutConstraint.m; sourceTree = "<group>"; };
		C0E71F7C1C086D5900A817A5 /* Masonry.h */ = {isa = PBXFileReference; fileEncoding = 4; lastKnownFileType = sourcecode.c.h; path = Masonry.h; sourceTree = "<group>"; };
		C0E71F7D1C086D5900A817A5 /* MASUtilities.h */ = {isa = PBXFileReference; fileEncoding = 4; lastKnownFileType = sourcecode.c.h; path = MASUtilities.h; sourceTree = "<group>"; };
		C0E71F7E1C086D5900A817A5 /* MASViewAttribute.h */ = {isa = PBXFileReference; fileEncoding = 4; lastKnownFileType = sourcecode.c.h; path = MASViewAttribute.h; sourceTree = "<group>"; };
		C0E71F7F1C086D5900A817A5 /* MASViewAttribute.m */ = {isa = PBXFileReference; fileEncoding = 4; lastKnownFileType = sourcecode.c.objc; path = MASViewAttribute.m; sourceTree = "<group>"; };
		C0E71F801C086D5900A817A5 /* MASViewConstraint.h */ = {isa = PBXFileReference; fileEncoding = 4; lastKnownFileType = sourcecode.c.h; path = MASViewConstraint.h; sourceTree = "<group>"; };
		C0E71F811C086D5900A817A5 /* MASViewConstraint.m */ = {isa = PBXFileReference; fileEncoding = 4; lastKnownFileType = sourcecode.c.objc; path = MASViewConstraint.m; sourceTree = "<group>"; };
		C0E71F821C086D5900A817A5 /* NSArray+MASAdditions.h */ = {isa = PBXFileReference; fileEncoding = 4; lastKnownFileType = sourcecode.c.h; path = "NSArray+MASAdditions.h"; sourceTree = "<group>"; };
		C0E71F831C086D5900A817A5 /* NSArray+MASAdditions.m */ = {isa = PBXFileReference; fileEncoding = 4; lastKnownFileType = sourcecode.c.objc; path = "NSArray+MASAdditions.m"; sourceTree = "<group>"; };
		C0E71F841C086D5900A817A5 /* NSArray+MASShorthandAdditions.h */ = {isa = PBXFileReference; fileEncoding = 4; lastKnownFileType = sourcecode.c.h; path = "NSArray+MASShorthandAdditions.h"; sourceTree = "<group>"; };
		C0E71F851C086D5900A817A5 /* NSLayoutConstraint+MASDebugAdditions.h */ = {isa = PBXFileReference; fileEncoding = 4; lastKnownFileType = sourcecode.c.h; path = "NSLayoutConstraint+MASDebugAdditions.h"; sourceTree = "<group>"; };
		C0E71F861C086D5900A817A5 /* NSLayoutConstraint+MASDebugAdditions.m */ = {isa = PBXFileReference; fileEncoding = 4; lastKnownFileType = sourcecode.c.objc; path = "NSLayoutConstraint+MASDebugAdditions.m"; sourceTree = "<group>"; };
		C0E71F871C086D5900A817A5 /* View+MASAdditions.h */ = {isa = PBXFileReference; fileEncoding = 4; lastKnownFileType = sourcecode.c.h; path = "View+MASAdditions.h"; sourceTree = "<group>"; };
		C0E71F881C086D5900A817A5 /* View+MASAdditions.m */ = {isa = PBXFileReference; fileEncoding = 4; lastKnownFileType = sourcecode.c.objc; path = "View+MASAdditions.m"; sourceTree = "<group>"; };
		C0E71F891C086D5900A817A5 /* View+MASShorthandAdditions.h */ = {isa = PBXFileReference; fileEncoding = 4; lastKnownFileType = sourcecode.c.h; path = "View+MASShorthandAdditions.h"; sourceTree = "<group>"; };
		C0E71F941C09492F00A817A5 /* LINToolsController.h */ = {isa = PBXFileReference; fileEncoding = 4; lastKnownFileType = sourcecode.c.h; path = LINToolsController.h; sourceTree = "<group>"; };
		C0E71F951C09492F00A817A5 /* LINToolsController.m */ = {isa = PBXFileReference; fileEncoding = 4; lastKnownFileType = sourcecode.c.objc; path = LINToolsController.m; sourceTree = "<group>"; };
		C0E71F971C09496100A817A5 /* LINOnliveViewController.h */ = {isa = PBXFileReference; fileEncoding = 4; lastKnownFileType = sourcecode.c.h; path = LINOnliveViewController.h; sourceTree = "<group>"; };
		C0E71F981C09496100A817A5 /* LINOnliveViewController.m */ = {isa = PBXFileReference; fileEncoding = 4; lastKnownFileType = sourcecode.c.objc; path = LINOnliveViewController.m; sourceTree = "<group>"; };
		C0E71F9A1C09497700A817A5 /* LINShakeViewController.h */ = {isa = PBXFileReference; fileEncoding = 4; lastKnownFileType = sourcecode.c.h; path = LINShakeViewController.h; sourceTree = "<group>"; };
		C0E71F9B1C09497700A817A5 /* LINShakeViewController.m */ = {isa = PBXFileReference; fileEncoding = 4; lastKnownFileType = sourcecode.c.objc; path = LINShakeViewController.m; sourceTree = "<group>"; };
		C0E71F9D1C09499A00A817A5 /* LINXmppViewController.h */ = {isa = PBXFileReference; fileEncoding = 4; lastKnownFileType = sourcecode.c.h; path = LINXmppViewController.h; sourceTree = "<group>"; };
		C0E71F9E1C09499A00A817A5 /* LINXmppViewController.m */ = {isa = PBXFileReference; fileEncoding = 4; lastKnownFileType = sourcecode.c.objc; path = LINXmppViewController.m; sourceTree = "<group>"; };
		C0E71FA01C097C3F00A817A5 /* LINHomeLoginViewController.h */ = {isa = PBXFileReference; fileEncoding = 4; lastKnownFileType = sourcecode.c.h; path = LINHomeLoginViewController.h; sourceTree = "<group>"; };
		C0E71FA11C097C3F00A817A5 /* LINHomeLoginViewController.m */ = {isa = PBXFileReference; fileEncoding = 4; lastKnownFileType = sourcecode.c.objc; path = LINHomeLoginViewController.m; sourceTree = "<group>"; };
		C0E71FA31C097C6800A817A5 /* LINLoginView.h */ = {isa = PBXFileReference; fileEncoding = 4; lastKnownFileType = sourcecode.c.h; path = LINLoginView.h; sourceTree = "<group>"; };
		C0E71FA41C097C6800A817A5 /* LINLoginView.m */ = {isa = PBXFileReference; fileEncoding = 4; lastKnownFileType = sourcecode.c.objc; path = LINLoginView.m; sourceTree = "<group>"; };
		C0E71FA61C09AA4300A817A5 /* LINDel_HightlightBtn.h */ = {isa = PBXFileReference; fileEncoding = 4; lastKnownFileType = sourcecode.c.h; path = LINDel_HightlightBtn.h; sourceTree = "<group>"; };
		C0E71FA71C09AA4300A817A5 /* LINDel_HightlightBtn.m */ = {isa = PBXFileReference; fileEncoding = 4; lastKnownFileType = sourcecode.c.objc; path = LINDel_HightlightBtn.m; sourceTree = "<group>"; };
		C0E71FAE1C09F43F00A817A5 /* third_login.plist */ = {isa = PBXFileReference; fileEncoding = 4; lastKnownFileType = text.plist.xml; path = third_login.plist; sourceTree = "<group>"; };
		EA83C43FA61787CF945D17DE /* Pods.release.xcconfig */ = {isa = PBXFileReference; includeInIndex = 1; lastKnownFileType = text.xcconfig; name = Pods.release.xcconfig; path = "Pods/Target Support Files/Pods/Pods.release.xcconfig"; sourceTree = "<group>"; };
/* End PBXFileReference section */

/* Begin PBXFrameworksBuildPhase section */
		C0E71D0A1C052D3800A817A5 /* Frameworks */ = {
			isa = PBXFrameworksBuildPhase;
			buildActionMask = 2147483647;
			files = (
				53FB7A89053D6F0F3C4EC901 /* libPods.a in Frameworks */,
			);
			runOnlyForDeploymentPostprocessing = 0;
		};
		C0E71D231C052D3800A817A5 /* Frameworks */ = {
			isa = PBXFrameworksBuildPhase;
			buildActionMask = 2147483647;
			files = (
			);
			runOnlyForDeploymentPostprocessing = 0;
		};
		C0E71D2E1C052D3800A817A5 /* Frameworks */ = {
			isa = PBXFrameworksBuildPhase;
			buildActionMask = 2147483647;
			files = (
			);
			runOnlyForDeploymentPostprocessing = 0;
		};
/* End PBXFrameworksBuildPhase section */

/* Begin PBXGroup section */
		60E62261FE4B542FE8206432 /* Pods */ = {
			isa = PBXGroup;
			children = (
				AF5B46BD41DF18AB0A7A4A33 /* Pods.debug.xcconfig */,
				EA83C43FA61787CF945D17DE /* Pods.release.xcconfig */,
			);
			name = Pods;
			sourceTree = "<group>";
		};
		C0A7F8B61C0A194800D1203A /* RegisterM */ = {
			isa = PBXGroup;
			children = (
				C0A7F8B71C0A197300D1203A /* LINRegisterModel.h */,
				C0A7F8B81C0A197300D1203A /* LINRegisterModel.m */,
			);
			name = RegisterM;
			sourceTree = "<group>";
		};
		C0A7F8C01C0B1D9000D1203A /* MBProgressHUD */ = {
			isa = PBXGroup;
			children = (
				C0A7F8C11C0B1D9000D1203A /* MBProgressHUD+MJ.h */,
				C0A7F8C21C0B1D9000D1203A /* MBProgressHUD+MJ.m */,
				C0A7F8C31C0B1D9000D1203A /* MBProgressHUD.bundle */,
				C0A7F8C41C0B1D9000D1203A /* MBProgressHUD.h */,
				C0A7F8C51C0B1D9000D1203A /* MBProgressHUD.m */,
			);
			path = MBProgressHUD;
			sourceTree = "<group>";
		};
		C0E71D041C052D3800A817A5 = {
			isa = PBXGroup;
			children = (
				C0E71DDF1C05ABE000A817A5 /* PrefixHeader.pch */,
				C0E71D0F1C052D3800A817A5 /* LINLocalLife */,
				C0E71D291C052D3800A817A5 /* LINLocalLifeTests */,
				C0E71D341C052D3800A817A5 /* LINLocalLifeUITests */,
				C0E71D0E1C052D3800A817A5 /* Products */,
				60E62261FE4B542FE8206432 /* Pods */,
				FE8CD9107EC80E4FF8D30FA7 /* Frameworks */,
			);
			sourceTree = "<group>";
		};
		C0E71D0E1C052D3800A817A5 /* Products */ = {
			isa = PBXGroup;
			children = (
				C0E71D0D1C052D3800A817A5 /* LINLocalLife.app */,
				C0E71D261C052D3800A817A5 /* LINLocalLifeTests.xctest */,
				C0E71D311C052D3800A817A5 /* LINLocalLifeUITests.xctest */,
			);
			name = Products;
			sourceTree = "<group>";
		};
		C0E71D0F1C052D3800A817A5 /* LINLocalLife */ = {
			isa = PBXGroup;
			children = (
				C0E71D431C052D8300A817A5 /* Common */,
				C0E71D481C052D8300A817A5 /* Other */,
				C0E71D4D1C052D8300A817A5 /* UIs */,
				C0E71D191C052D3800A817A5 /* Main.storyboard */,
				C0E71DEC1C05CB5900A817A5 /* home.plist */,
				C0E71D1C1C052D3800A817A5 /* Assets.xcassets */,
				C0E71D1E1C052D3800A817A5 /* LaunchScreen.storyboard */,
				C0E71D101C052D3800A817A5 /* Supporting Files */,
			);
			path = LINLocalLife;
			sourceTree = "<group>";
		};
		C0E71D101C052D3800A817A5 /* Supporting Files */ = {
			isa = PBXGroup;
			children = (
			);
			name = "Supporting Files";
			sourceTree = "<group>";
		};
		C0E71D291C052D3800A817A5 /* LINLocalLifeTests */ = {
			isa = PBXGroup;
			children = (
				C0E71D2A1C052D3800A817A5 /* LINLocalLifeTests.m */,
				C0E71D2C1C052D3800A817A5 /* Info.plist */,
			);
			path = LINLocalLifeTests;
			sourceTree = "<group>";
		};
		C0E71D341C052D3800A817A5 /* LINLocalLifeUITests */ = {
			isa = PBXGroup;
			children = (
				C0E71D351C052D3800A817A5 /* LINLocalLifeUITests.m */,
				C0E71D371C052D3800A817A5 /* Info.plist */,
			);
			path = LINLocalLifeUITests;
			sourceTree = "<group>";
		};
		C0E71D431C052D8300A817A5 /* Common */ = {
			isa = PBXGroup;
			children = (
				C0E71D441C052D8300A817A5 /* Controller */,
				C0E71D451C052D8300A817A5 /* Model */,
				C0E71D461C052D8300A817A5 /* Tool */,
				C0E71D471C052D8300A817A5 /* View */,
			);
			path = Common;
			sourceTree = "<group>";
		};
		C0E71D441C052D8300A817A5 /* Controller */ = {
			isa = PBXGroup;
			children = (
				C0E71DC91C05A5C200A817A5 /* LINBaseViewC.h */,
				C0E71DCA1C05A5C200A817A5 /* LINBaseViewC.m */,
				C0E71DDB1C05A9E700A817A5 /* LINMainBaseViewC.h */,
				C0E71DDC1C05A9E700A817A5 /* LINMainBaseViewC.m */,
				C0E71DE01C05B1B700A817A5 /* LINMainNavC.h */,
				C0E71DE11C05B1B700A817A5 /* LINMainNavC.m */,
			);
			path = Controller;
			sourceTree = "<group>";
		};
		C0E71D451C052D8300A817A5 /* Model */ = {
			isa = PBXGroup;
			children = (
			);
			path = Model;
			sourceTree = "<group>";
		};
		C0E71D461C052D8300A817A5 /* Tool */ = {
			isa = PBXGroup;
			children = (
			);
			path = Tool;
			sourceTree = "<group>";
		};
		C0E71D471C052D8300A817A5 /* View */ = {
			isa = PBXGroup;
			children = (
				C0E71F6A1C08678600A817A5 /* LINTabbarView.h */,
				C0E71F6B1C08678600A817A5 /* LINTabbarView.m */,
				C0E71FA61C09AA4300A817A5 /* LINDel_HightlightBtn.h */,
				C0E71FA71C09AA4300A817A5 /* LINDel_HightlightBtn.m */,
			);
			path = View;
			sourceTree = "<group>";
		};
		C0E71D481C052D8300A817A5 /* Other */ = {
			isa = PBXGroup;
			children = (
				C0A7F8C01C0B1D9000D1203A /* MBProgressHUD */,
				C0E71F711C086D5900A817A5 /* Masonry */,
				C0E71F6D1C086C9100A817A5 /* UIView分类 */,
				C0E71DD81C05A73100A817A5 /* UIColor+Cate.h */,
				C0E71DD91C05A73100A817A5 /* UIColor+Cate.m */,
				C0E71DD11C05A64400A817A5 /* Toast */,
				C0E71D491C052D8300A817A5 /* AppDelegate.h */,
				C0E71D4A1C052D8300A817A5 /* AppDelegate.m */,
				C0E71D211C052D3800A817A5 /* Info.plist */,
				C0E71D4C1C052D8300A817A5 /* main.m */,
				C0A7F8C91C0B568200D1203A /* UITextField+LIN_Text_RegEx.h */,
				C0A7F8CA1C0B568200D1203A /* UITextField+LIN_Text_RegEx.m */,
			);
			path = Other;
			sourceTree = "<group>";
		};
		C0E71D4D1C052D8300A817A5 /* UIs */ = {
			isa = PBXGroup;
			children = (
				C0E71D4E1C052D8300A817A5 /* Circle */,
				C0E71D531C052D8300A817A5 /* Guide */,
				C0E71D581C052D8300A817A5 /* Home */,
				C0E71D5D1C052D8300A817A5 /* Hots */,
				C0E71D621C052D8300A817A5 /* More */,
				C0E71D771C052D8300A817A5 /* Tools */,
			);
			path = UIs;
			sourceTree = "<group>";
		};
		C0E71D4E1C052D8300A817A5 /* Circle */ = {
			isa = PBXGroup;
			children = (
				C0E71D4F1C052D8300A817A5 /* Controller */,
				C0E71D501C052D8300A817A5 /* Model */,
				C0E71D511C052D8300A817A5 /* Tool */,
				C0E71D521C052D8300A817A5 /* View */,
			);
			path = Circle;
			sourceTree = "<group>";
		};
		C0E71D4F1C052D8300A817A5 /* Controller */ = {
			isa = PBXGroup;
			children = (
				C0E71F671C08672900A817A5 /* LINCircleController.h */,
				C0E71F681C08672900A817A5 /* LINCircleController.m */,
			);
			path = Controller;
			sourceTree = "<group>";
		};
		C0E71D501C052D8300A817A5 /* Model */ = {
			isa = PBXGroup;
			children = (
			);
			path = Model;
			sourceTree = "<group>";
		};
		C0E71D511C052D8300A817A5 /* Tool */ = {
			isa = PBXGroup;
			children = (
			);
			path = Tool;
			sourceTree = "<group>";
		};
		C0E71D521C052D8300A817A5 /* View */ = {
			isa = PBXGroup;
			children = (
			);
			path = View;
			sourceTree = "<group>";
		};
		C0E71D531C052D8300A817A5 /* Guide */ = {
			isa = PBXGroup;
			children = (
				C0E71D541C052D8300A817A5 /* Controller */,
				C0E71D551C052D8300A817A5 /* Model */,
				C0E71D561C052D8300A817A5 /* Tool */,
				C0E71D571C052D8300A817A5 /* View */,
			);
			path = Guide;
			sourceTree = "<group>";
		};
		C0E71D541C052D8300A817A5 /* Controller */ = {
			isa = PBXGroup;
			children = (
				C0E71DC61C0598D300A817A5 /* LINGuideViewC.h */,
				C0E71DC71C0598D300A817A5 /* LINGuideViewC.m */,
			);
			path = Controller;
			sourceTree = "<group>";
		};
		C0E71D551C052D8300A817A5 /* Model */ = {
			isa = PBXGroup;
			children = (
			);
			path = Model;
			sourceTree = "<group>";
		};
		C0E71D561C052D8300A817A5 /* Tool */ = {
			isa = PBXGroup;
			children = (
			);
			path = Tool;
			sourceTree = "<group>";
		};
		C0E71D571C052D8300A817A5 /* View */ = {
			isa = PBXGroup;
			children = (
			);
			path = View;
			sourceTree = "<group>";
		};
		C0E71D581C052D8300A817A5 /* Home */ = {
			isa = PBXGroup;
			children = (
				C0E71FAD1C09F43F00A817A5 /* Other */,
				C0E71D591C052D8300A817A5 /* Controller */,
				C0E71D5A1C052D8300A817A5 /* Model */,
				C0E71D5C1C052D8300A817A5 /* View */,
			);
			path = Home;
			sourceTree = "<group>";
		};
		C0E71D591C052D8300A817A5 /* Controller */ = {
			isa = PBXGroup;
			children = (
				C0E71DE31C05C49000A817A5 /* LINHomeCollectionV.h */,
				C0E71DE41C05C49000A817A5 /* LINHomeCollectionV.m */,
				C0E71FA01C097C3F00A817A5 /* LINHomeLoginViewController.h */,
				C0E71FA11C097C3F00A817A5 /* LINHomeLoginViewController.m */,
				C0A7F8AE1C0A093000D1203A /* LINRegisteViewController.h */,
				C0A7F8AF1C0A093000D1203A /* LINRegisteViewController.m */,
				C0A7F8BA1C0A497200D1203A /* LINRulesViewController.h */,
				C0A7F8BB1C0A497200D1203A /* LINRulesViewController.m */,
			);
			path = Controller;
			sourceTree = "<group>";
		};
		C0E71D5A1C052D8300A817A5 /* Model */ = {
			isa = PBXGroup;
			children = (
				C0A7F8B61C0A194800D1203A /* RegisterM */,
				C0E71DEE1C05CC5800A817A5 /* LINCollectionModel.h */,
				C0E71DEF1C05CC5800A817A5 /* LINCollectionModel.m */,
				C0E71DF11C05CCD000A817A5 /* LINFocusM.h */,
				C0E71DF21C05CCD000A817A5 /* LINFocusM.m */,
				C0E71DF41C05CCE100A817A5 /* LINGroupM.h */,
				C0E71DF51C05CCE100A817A5 /* LINGroupM.m */,
				C0E71DF71C05CCEF00A817A5 /* LINFamousM.h */,
				C0E71DF81C05CCEF00A817A5 /* LINFamousM.m */,
				C0E71DFA1C05CCFE00A817A5 /* LINGuessM.h */,
				C0E71DFB1C05CCFE00A817A5 /* LINGuessM.m */,
			);
			path = Model;
			sourceTree = "<group>";
		};
		C0E71D5C1C052D8300A817A5 /* View */ = {
			isa = PBXGroup;
			children = (
				C0E71FA31C097C6800A817A5 /* LINLoginView.h */,
				C0E71FA41C097C6800A817A5 /* LINLoginView.m */,
				C0A7F8B11C0A0EEC00D1203A /* LINRegisterView.h */,
				C0A7F8B21C0A0EEC00D1203A /* LINRegisterView.m */,
				C0A7F8BD1C0AD1AF00D1203A /* LINNavBarView.h */,
				C0A7F8BE1C0AD1AF00D1203A /* LINNavBarView.m */,
			);
			path = View;
			sourceTree = "<group>";
		};
		C0E71D5D1C052D8300A817A5 /* Hots */ = {
			isa = PBXGroup;
			children = (
				C0E71D5E1C052D8300A817A5 /* Controller */,
				C0E71D5F1C052D8300A817A5 /* Model */,
				C0E71D601C052D8300A817A5 /* Tool */,
				C0E71D611C052D8300A817A5 /* View */,
			);
			path = Hots;
			sourceTree = "<group>";
		};
		C0E71D5E1C052D8300A817A5 /* Controller */ = {
			isa = PBXGroup;
			children = (
				C0E71DE61C05C52800A817A5 /* LINHotsC.h */,
				C0E71DE71C05C52800A817A5 /* LINHotsC.m */,
			);
			path = Controller;
			sourceTree = "<group>";
		};
		C0E71D5F1C052D8300A817A5 /* Model */ = {
			isa = PBXGroup;
			children = (
			);
			path = Model;
			sourceTree = "<group>";
		};
		C0E71D601C052D8300A817A5 /* Tool */ = {
			isa = PBXGroup;
			children = (
			);
			path = Tool;
			sourceTree = "<group>";
		};
		C0E71D611C052D8300A817A5 /* View */ = {
			isa = PBXGroup;
			children = (
			);
			path = View;
			sourceTree = "<group>";
		};
		C0E71D621C052D8300A817A5 /* More */ = {
			isa = PBXGroup;
			children = (
				C0E71D631C052D8300A817A5 /* Onlive */,
				C0E71D681C052D8300A817A5 /* Shake */,
				C0E71D6D1C052D8300A817A5 /* Us */,
				C0E71D721C052D8300A817A5 /* Xmpp */,
			);
			path = More;
			sourceTree = "<group>";
		};
		C0E71D631C052D8300A817A5 /* Onlive */ = {
			isa = PBXGroup;
			children = (
				C0E71D641C052D8300A817A5 /* Controller */,
				C0E71D651C052D8300A817A5 /* Model */,
				C0E71D661C052D8300A817A5 /* Tool */,
				C0E71D671C052D8300A817A5 /* View */,
			);
			path = Onlive;
			sourceTree = "<group>";
		};
		C0E71D641C052D8300A817A5 /* Controller */ = {
			isa = PBXGroup;
			children = (
				C0E71F971C09496100A817A5 /* LINOnliveViewController.h */,
				C0E71F981C09496100A817A5 /* LINOnliveViewController.m */,
			);
			path = Controller;
			sourceTree = "<group>";
		};
		C0E71D651C052D8300A817A5 /* Model */ = {
			isa = PBXGroup;
			children = (
			);
			path = Model;
			sourceTree = "<group>";
		};
		C0E71D661C052D8300A817A5 /* Tool */ = {
			isa = PBXGroup;
			children = (
			);
			path = Tool;
			sourceTree = "<group>";
		};
		C0E71D671C052D8300A817A5 /* View */ = {
			isa = PBXGroup;
			children = (
			);
			path = View;
			sourceTree = "<group>";
		};
		C0E71D681C052D8300A817A5 /* Shake */ = {
			isa = PBXGroup;
			children = (
				C0E71D691C052D8300A817A5 /* Controller */,
				C0E71D6A1C052D8300A817A5 /* Model */,
				C0E71D6B1C052D8300A817A5 /* Tool */,
				C0E71D6C1C052D8300A817A5 /* View */,
			);
			path = Shake;
			sourceTree = "<group>";
		};
		C0E71D691C052D8300A817A5 /* Controller */ = {
			isa = PBXGroup;
			children = (
				C0E71F9A1C09497700A817A5 /* LINShakeViewController.h */,
				C0E71F9B1C09497700A817A5 /* LINShakeViewController.m */,
			);
			path = Controller;
			sourceTree = "<group>";
		};
		C0E71D6A1C052D8300A817A5 /* Model */ = {
			isa = PBXGroup;
			children = (
			);
			path = Model;
			sourceTree = "<group>";
		};
		C0E71D6B1C052D8300A817A5 /* Tool */ = {
			isa = PBXGroup;
			children = (
			);
			path = Tool;
			sourceTree = "<group>";
		};
		C0E71D6C1C052D8300A817A5 /* View */ = {
			isa = PBXGroup;
			children = (
			);
			path = View;
			sourceTree = "<group>";
		};
		C0E71D6D1C052D8300A817A5 /* Us */ = {
			isa = PBXGroup;
			children = (
				C0E71D6E1C052D8300A817A5 /* Controller */,
				C0E71D6F1C052D8300A817A5 /* Model */,
				C0E71D701C052D8300A817A5 /* Tool */,
				C0E71D711C052D8300A817A5 /* View */,
			);
			path = Us;
			sourceTree = "<group>";
		};
		C0E71D6E1C052D8300A817A5 /* Controller */ = {
			isa = PBXGroup;
			children = (
				C0E71DE91C05C57500A817A5 /* LINUsC.h */,
				C0E71DEA1C05C57500A817A5 /* LINUsC.m */,
			);
			path = Controller;
			sourceTree = "<group>";
		};
		C0E71D6F1C052D8300A817A5 /* Model */ = {
			isa = PBXGroup;
			children = (
			);
			path = Model;
			sourceTree = "<group>";
		};
		C0E71D701C052D8300A817A5 /* Tool */ = {
			isa = PBXGroup;
			children = (
			);
			path = Tool;
			sourceTree = "<group>";
		};
		C0E71D711C052D8300A817A5 /* View */ = {
			isa = PBXGroup;
			children = (
			);
			path = View;
			sourceTree = "<group>";
		};
		C0E71D721C052D8300A817A5 /* Xmpp */ = {
			isa = PBXGroup;
			children = (
				C0E71D731C052D8300A817A5 /* Controller */,
				C0E71D741C052D8300A817A5 /* Model */,
				C0E71D751C052D8300A817A5 /* Tool */,
				C0E71D761C052D8300A817A5 /* View */,
			);
			path = Xmpp;
			sourceTree = "<group>";
		};
		C0E71D731C052D8300A817A5 /* Controller */ = {
			isa = PBXGroup;
			children = (
				C0E71F9D1C09499A00A817A5 /* LINXmppViewController.h */,
				C0E71F9E1C09499A00A817A5 /* LINXmppViewController.m */,
			);
			path = Controller;
			sourceTree = "<group>";
		};
		C0E71D741C052D8300A817A5 /* Model */ = {
			isa = PBXGroup;
			children = (
			);
			path = Model;
			sourceTree = "<group>";
		};
		C0E71D751C052D8300A817A5 /* Tool */ = {
			isa = PBXGroup;
			children = (
			);
			path = Tool;
			sourceTree = "<group>";
		};
		C0E71D761C052D8300A817A5 /* View */ = {
			isa = PBXGroup;
			children = (
			);
			path = View;
			sourceTree = "<group>";
		};
		C0E71D771C052D8300A817A5 /* Tools */ = {
			isa = PBXGroup;
			children = (
				C0E71D781C052D8300A817A5 /* Controller */,
				C0E71D791C052D8300A817A5 /* Model */,
				C0E71D7A1C052D8300A817A5 /* Tool */,
				C0E71D7B1C052D8300A817A5 /* View */,
			);
			path = Tools;
			sourceTree = "<group>";
		};
		C0E71D781C052D8300A817A5 /* Controller */ = {
			isa = PBXGroup;
			children = (
				C0E71F941C09492F00A817A5 /* LINToolsController.h */,
				C0E71F951C09492F00A817A5 /* LINToolsController.m */,
			);
			path = Controller;
			sourceTree = "<group>";
		};
		C0E71D791C052D8300A817A5 /* Model */ = {
			isa = PBXGroup;
			children = (
			);
			path = Model;
			sourceTree = "<group>";
		};
		C0E71D7A1C052D8300A817A5 /* Tool */ = {
			isa = PBXGroup;
			children = (
			);
			path = Tool;
			sourceTree = "<group>";
		};
		C0E71D7B1C052D8300A817A5 /* View */ = {
			isa = PBXGroup;
			children = (
			);
			path = View;
			sourceTree = "<group>";
		};
		C0E71DD11C05A64400A817A5 /* Toast */ = {
			isa = PBXGroup;
			children = (
				C0E71DFD1C05CD8400A817A5 /* MJExtension */,
				C0E71DD21C05A64400A817A5 /* UIView+Toast.h */,
				C0E71DD31C05A64400A817A5 /* UIView+Toast.m */,
			);
			path = Toast;
			sourceTree = "<group>";
		};
		C0E71DFD1C05CD8400A817A5 /* MJExtension */ = {
			isa = PBXGroup;
			children = (
				C0E71DFE1C05CD8400A817A5 /* MJDictionaryCache.h */,
				C0E71DFF1C05CD8400A817A5 /* MJDictionaryCache.m */,
				C0E71E001C05CD8400A817A5 /* MJExtension.h */,
				C0E71E011C05CD8400A817A5 /* MJExtensionConst.h */,
				C0E71E021C05CD8400A817A5 /* MJExtensionConst.m */,
				C0E71E031C05CD8400A817A5 /* MJFoundation.h */,
				C0E71E041C05CD8400A817A5 /* MJFoundation.m */,
				C0E71E051C05CD8400A817A5 /* MJProperty.h */,
				C0E71E061C05CD8400A817A5 /* MJProperty.m */,
				C0E71E071C05CD8400A817A5 /* MJPropertyKey.h */,
				C0E71E081C05CD8400A817A5 /* MJPropertyKey.m */,
				C0E71E091C05CD8400A817A5 /* MJPropertyType.h */,
				C0E71E0A1C05CD8400A817A5 /* MJPropertyType.m */,
				C0E71E0B1C05CD8400A817A5 /* NSObject+MJClass.h */,
				C0E71E0C1C05CD8400A817A5 /* NSObject+MJClass.m */,
				C0E71E0D1C05CD8400A817A5 /* NSObject+MJCoding.h */,
				C0E71E0E1C05CD8400A817A5 /* NSObject+MJCoding.m */,
				C0E71E0F1C05CD8500A817A5 /* NSObject+MJKeyValue.h */,
				C0E71E101C05CD8500A817A5 /* NSObject+MJKeyValue.m */,
				C0E71E111C05CD8500A817A5 /* NSObject+MJProperty.h */,
				C0E71E121C05CD8500A817A5 /* NSObject+MJProperty.m */,
				C0E71E131C05CD8500A817A5 /* NSString+MJExtension.h */,
				C0E71E141C05CD8500A817A5 /* NSString+MJExtension.m */,
			);
			path = MJExtension;
			sourceTree = "<group>";
		};
		C0E71F6D1C086C9100A817A5 /* UIView分类 */ = {
			isa = PBXGroup;
			children = (
				C0E71F6E1C086C9100A817A5 /* UIView+Ex.h */,
				C0E71F6F1C086C9100A817A5 /* UIView+Ex.m */,
			);
			path = "UIView分类";
			sourceTree = "<group>";
		};
		C0E71F711C086D5900A817A5 /* Masonry */ = {
			isa = PBXGroup;
			children = (
				C0E71F721C086D5900A817A5 /* Info.plist */,
				C0E71F731C086D5900A817A5 /* MASCompositeConstraint.h */,
				C0E71F741C086D5900A817A5 /* MASCompositeConstraint.m */,
				C0E71F751C086D5900A817A5 /* MASConstraint+Private.h */,
				C0E71F761C086D5900A817A5 /* MASConstraint.h */,
				C0E71F771C086D5900A817A5 /* MASConstraint.m */,
				C0E71F781C086D5900A817A5 /* MASConstraintMaker.h */,
				C0E71F791C086D5900A817A5 /* MASConstraintMaker.m */,
				C0E71F7A1C086D5900A817A5 /* MASLayoutConstraint.h */,
				C0E71F7B1C086D5900A817A5 /* MASLayoutConstraint.m */,
				C0E71F7C1C086D5900A817A5 /* Masonry.h */,
				C0E71F7D1C086D5900A817A5 /* MASUtilities.h */,
				C0E71F7E1C086D5900A817A5 /* MASViewAttribute.h */,
				C0E71F7F1C086D5900A817A5 /* MASViewAttribute.m */,
				C0E71F801C086D5900A817A5 /* MASViewConstraint.h */,
				C0E71F811C086D5900A817A5 /* MASViewConstraint.m */,
				C0E71F821C086D5900A817A5 /* NSArray+MASAdditions.h */,
				C0E71F831C086D5900A817A5 /* NSArray+MASAdditions.m */,
				C0E71F841C086D5900A817A5 /* NSArray+MASShorthandAdditions.h */,
				C0E71F851C086D5900A817A5 /* NSLayoutConstraint+MASDebugAdditions.h */,
				C0E71F861C086D5900A817A5 /* NSLayoutConstraint+MASDebugAdditions.m */,
				C0E71F871C086D5900A817A5 /* View+MASAdditions.h */,
				C0E71F881C086D5900A817A5 /* View+MASAdditions.m */,
				C0E71F891C086D5900A817A5 /* View+MASShorthandAdditions.h */,
			);
			path = Masonry;
			sourceTree = "<group>";
		};
		C0E71FAD1C09F43F00A817A5 /* Other */ = {
			isa = PBXGroup;
			children = (
				C0E71FAE1C09F43F00A817A5 /* third_login.plist */,
				C0A7F8B41C0A18DF00D1203A /* registe.plist */,
			);
			path = Other;
			sourceTree = "<group>";
		};
		FE8CD9107EC80E4FF8D30FA7 /* Frameworks */ = {
			isa = PBXGroup;
			children = (
				A9FA4A808AB13CD69852873E /* libPods.a */,
			);
			name = Frameworks;
			sourceTree = "<group>";
		};
/* End PBXGroup section */

/* Begin PBXNativeTarget section */
		C0E71D0C1C052D3800A817A5 /* LINLocalLife */ = {
			isa = PBXNativeTarget;
			buildConfigurationList = C0E71D3A1C052D3800A817A5 /* Build configuration list for PBXNativeTarget "LINLocalLife" */;
			buildPhases = (
				D524969EC654F92B8172EB51 /* Check Pods Manifest.lock */,
				C0E71D091C052D3800A817A5 /* Sources */,
				C0E71D0A1C052D3800A817A5 /* Frameworks */,
				C0E71D0B1C052D3800A817A5 /* Resources */,
				AB42D6914B3EB060899E17E9 /* Embed Pods Frameworks */,
				1B11E63DA08F5150D2ED1727 /* Copy Pods Resources */,
			);
			buildRules = (
			);
			dependencies = (
			);
			name = LINLocalLife;
			productName = LINLocalLife;
			productReference = C0E71D0D1C052D3800A817A5 /* LINLocalLife.app */;
			productType = "com.apple.product-type.application";
		};
		C0E71D251C052D3800A817A5 /* LINLocalLifeTests */ = {
			isa = PBXNativeTarget;
			buildConfigurationList = C0E71D3D1C052D3800A817A5 /* Build configuration list for PBXNativeTarget "LINLocalLifeTests" */;
			buildPhases = (
				C0E71D221C052D3800A817A5 /* Sources */,
				C0E71D231C052D3800A817A5 /* Frameworks */,
				C0E71D241C052D3800A817A5 /* Resources */,
			);
			buildRules = (
			);
			dependencies = (
				C0E71D281C052D3800A817A5 /* PBXTargetDependency */,
			);
			name = LINLocalLifeTests;
			productName = LINLocalLifeTests;
			productReference = C0E71D261C052D3800A817A5 /* LINLocalLifeTests.xctest */;
			productType = "com.apple.product-type.bundle.unit-test";
		};
		C0E71D301C052D3800A817A5 /* LINLocalLifeUITests */ = {
			isa = PBXNativeTarget;
			buildConfigurationList = C0E71D401C052D3800A817A5 /* Build configuration list for PBXNativeTarget "LINLocalLifeUITests" */;
			buildPhases = (
				C0E71D2D1C052D3800A817A5 /* Sources */,
				C0E71D2E1C052D3800A817A5 /* Frameworks */,
				C0E71D2F1C052D3800A817A5 /* Resources */,
			);
			buildRules = (
			);
			dependencies = (
				C0E71D331C052D3800A817A5 /* PBXTargetDependency */,
			);
			name = LINLocalLifeUITests;
			productName = LINLocalLifeUITests;
			productReference = C0E71D311C052D3800A817A5 /* LINLocalLifeUITests.xctest */;
			productType = "com.apple.product-type.bundle.ui-testing";
		};
/* End PBXNativeTarget section */

/* Begin PBXProject section */
		C0E71D051C052D3800A817A5 /* Project object */ = {
			isa = PBXProject;
			attributes = {
				LastUpgradeCheck = 0700;
				ORGANIZATIONNAME = Family;
				TargetAttributes = {
					C0E71D0C1C052D3800A817A5 = {
						CreatedOnToolsVersion = 7.0.1;
					};
					C0E71D251C052D3800A817A5 = {
						CreatedOnToolsVersion = 7.0.1;
						TestTargetID = C0E71D0C1C052D3800A817A5;
					};
					C0E71D301C052D3800A817A5 = {
						CreatedOnToolsVersion = 7.0.1;
						TestTargetID = C0E71D0C1C052D3800A817A5;
					};
				};
			};
			buildConfigurationList = C0E71D081C052D3800A817A5 /* Build configuration list for PBXProject "LINLocalLife" */;
			compatibilityVersion = "Xcode 3.2";
			developmentRegion = English;
			hasScannedForEncodings = 0;
			knownRegions = (
				en,
				Base,
			);
			mainGroup = C0E71D041C052D3800A817A5;
			productRefGroup = C0E71D0E1C052D3800A817A5 /* Products */;
			projectDirPath = "";
			projectRoot = "";
			targets = (
				C0E71D0C1C052D3800A817A5 /* LINLocalLife */,
				C0E71D251C052D3800A817A5 /* LINLocalLifeTests */,
				C0E71D301C052D3800A817A5 /* LINLocalLifeUITests */,
			);
		};
/* End PBXProject section */

/* Begin PBXResourcesBuildPhase section */
		C0E71D0B1C052D3800A817A5 /* Resources */ = {
			isa = PBXResourcesBuildPhase;
			buildActionMask = 2147483647;
			files = (
				C0E71D201C052D3800A817A5 /* LaunchScreen.storyboard in Resources */,
				C0A7F8C71C0B1D9000D1203A /* MBProgressHUD.bundle in Resources */,
				C0E71D1D1C052D3800A817A5 /* Assets.xcassets in Resources */,
				C0A7F8B51C0A18DF00D1203A /* registe.plist in Resources */,
				C0E71F8A1C086D5900A817A5 /* Info.plist in Resources */,
				C0E71DED1C05CB5900A817A5 /* home.plist in Resources */,
				C0E71FAF1C09F43F00A817A5 /* third_login.plist in Resources */,
				C0E71D1B1C052D3800A817A5 /* Main.storyboard in Resources */,
			);
			runOnlyForDeploymentPostprocessing = 0;
		};
		C0E71D241C052D3800A817A5 /* Resources */ = {
			isa = PBXResourcesBuildPhase;
			buildActionMask = 2147483647;
			files = (
			);
			runOnlyForDeploymentPostprocessing = 0;
		};
		C0E71D2F1C052D3800A817A5 /* Resources */ = {
			isa = PBXResourcesBuildPhase;
			buildActionMask = 2147483647;
			files = (
			);
			runOnlyForDeploymentPostprocessing = 0;
		};
/* End PBXResourcesBuildPhase section */

/* Begin PBXShellScriptBuildPhase section */
		1B11E63DA08F5150D2ED1727 /* Copy Pods Resources */ = {
			isa = PBXShellScriptBuildPhase;
			buildActionMask = 2147483647;
			files = (
			);
			inputPaths = (
			);
			name = "Copy Pods Resources";
			outputPaths = (
			);
			runOnlyForDeploymentPostprocessing = 0;
			shellPath = /bin/sh;
			shellScript = "\"${SRCROOT}/Pods/Target Support Files/Pods/Pods-resources.sh\"\n";
			showEnvVarsInLog = 0;
		};
		AB42D6914B3EB060899E17E9 /* Embed Pods Frameworks */ = {
			isa = PBXShellScriptBuildPhase;
			buildActionMask = 2147483647;
			files = (
			);
			inputPaths = (
			);
			name = "Embed Pods Frameworks";
			outputPaths = (
			);
			runOnlyForDeploymentPostprocessing = 0;
			shellPath = /bin/sh;
			shellScript = "\"${SRCROOT}/Pods/Target Support Files/Pods/Pods-frameworks.sh\"\n";
			showEnvVarsInLog = 0;
		};
		D524969EC654F92B8172EB51 /* Check Pods Manifest.lock */ = {
			isa = PBXShellScriptBuildPhase;
			buildActionMask = 2147483647;
			files = (
			);
			inputPaths = (
			);
			name = "Check Pods Manifest.lock";
			outputPaths = (
			);
			runOnlyForDeploymentPostprocessing = 0;
			shellPath = /bin/sh;
			shellScript = "diff \"${PODS_ROOT}/../Podfile.lock\" \"${PODS_ROOT}/Manifest.lock\" > /dev/null\nif [[ $? != 0 ]] ; then\n    cat << EOM\nerror: The sandbox is not in sync with the Podfile.lock. Run 'pod install' or update your CocoaPods installation.\nEOM\n    exit 1\nfi\n";
			showEnvVarsInLog = 0;
		};
/* End PBXShellScriptBuildPhase section */

/* Begin PBXSourcesBuildPhase section */
		C0E71D091C052D3800A817A5 /* Sources */ = {
			isa = PBXSourcesBuildPhase;
			buildActionMask = 2147483647;
			files = (
				C0A7F8B01C0A093000D1203A /* LINRegisteViewController.m in Sources */,
				C0E71DE21C05B1B700A817A5 /* LINMainNavC.m in Sources */,
				C0E71DFC1C05CCFE00A817A5 /* LINGuessM.m in Sources */,
				C0E71F911C086D5900A817A5 /* NSArray+MASAdditions.m in Sources */,
				C0E71F931C086D5900A817A5 /* View+MASAdditions.m in Sources */,
				C0E71DE81C05C52800A817A5 /* LINHotsC.m in Sources */,
				C0E71F901C086D5900A817A5 /* MASViewConstraint.m in Sources */,
				C0E71DF91C05CCEF00A817A5 /* LINFamousM.m in Sources */,
				C0E71D7C1C052D8300A817A5 /* AppDelegate.m in Sources */,
				C0E71DF61C05CCE100A817A5 /* LINGroupM.m in Sources */,
				C0E71DCB1C05A5C200A817A5 /* LINBaseViewC.m in Sources */,
				C0E71F701C086C9100A817A5 /* UIView+Ex.m in Sources */,
				C0E71E191C05CD8500A817A5 /* MJPropertyKey.m in Sources */,
				C0E71F691C08672900A817A5 /* LINCircleController.m in Sources */,
				C0E71E1A1C05CD8500A817A5 /* MJPropertyType.m in Sources */,
				C0E71DF01C05CC5800A817A5 /* LINCollectionModel.m in Sources */,
				C0E71DDD1C05A9E700A817A5 /* LINMainBaseViewC.m in Sources */,
				C0E71F6C1C08678600A817A5 /* LINTabbarView.m in Sources */,
				C0A7F8CB1C0B568200D1203A /* UITextField+LIN_Text_RegEx.m in Sources */,
				C0E71F8F1C086D5900A817A5 /* MASViewAttribute.m in Sources */,
				C0E71F8E1C086D5900A817A5 /* MASLayoutConstraint.m in Sources */,
				C0A7F8B91C0A197300D1203A /* LINRegisterModel.m in Sources */,
				C0E71F8B1C086D5900A817A5 /* MASCompositeConstraint.m in Sources */,
				C0E71E1D1C05CD8500A817A5 /* NSObject+MJKeyValue.m in Sources */,
				C0E71DEB1C05C57500A817A5 /* LINUsC.m in Sources */,
				C0A7F8C81C0B1D9000D1203A /* MBProgressHUD.m in Sources */,
				C0A7F8B31C0A0EEC00D1203A /* LINRegisterView.m in Sources */,
				C0E71F921C086D5900A817A5 /* NSLayoutConstraint+MASDebugAdditions.m in Sources */,
				C0A7F8BC1C0A497200D1203A /* LINRulesViewController.m in Sources */,
				C0E71DE51C05C49000A817A5 /* LINHomeCollectionV.m in Sources */,
				C0E71E1F1C05CD8500A817A5 /* NSString+MJExtension.m in Sources */,
				C0E71F991C09496100A817A5 /* LINOnliveViewController.m in Sources */,
				C0E71F8D1C086D5900A817A5 /* MASConstraintMaker.m in Sources */,
				C0E71DD71C05A64400A817A5 /* UIView+Toast.m in Sources */,
				C0E71D7E1C052D8300A817A5 /* main.m in Sources */,
				C0E71E171C05CD8500A817A5 /* MJFoundation.m in Sources */,
				C0E71DDA1C05A73100A817A5 /* UIColor+Cate.m in Sources */,
				C0E71F9F1C09499A00A817A5 /* LINXmppViewController.m in Sources */,
				C0E71E161C05CD8500A817A5 /* MJExtensionConst.m in Sources */,
				C0E71E1C1C05CD8500A817A5 /* NSObject+MJCoding.m in Sources */,
				C0E71DC81C0598D300A817A5 /* LINGuideViewC.m in Sources */,
				C0E71E1E1C05CD8500A817A5 /* NSObject+MJProperty.m in Sources */,
				C0E71E151C05CD8500A817A5 /* MJDictionaryCache.m in Sources */,
				C0E71DF31C05CCD000A817A5 /* LINFocusM.m in Sources */,
				C0E71FA81C09AA4300A817A5 /* LINDel_HightlightBtn.m in Sources */,
				C0E71E1B1C05CD8500A817A5 /* NSObject+MJClass.m in Sources */,
				C0A7F8C61C0B1D9000D1203A /* MBProgressHUD+MJ.m in Sources */,
				C0E71F8C1C086D5900A817A5 /* MASConstraint.m in Sources */,
				C0E71F9C1C09497700A817A5 /* LINShakeViewController.m in Sources */,
				C0E71FA51C097C6800A817A5 /* LINLoginView.m in Sources */,
				C0A7F8BF1C0AD1AF00D1203A /* LINNavBarView.m in Sources */,
				C0E71FA21C097C3F00A817A5 /* LINHomeLoginViewController.m in Sources */,
				C0E71E181C05CD8500A817A5 /* MJProperty.m in Sources */,
				C0E71F961C09492F00A817A5 /* LINToolsController.m in Sources */,
			);
			runOnlyForDeploymentPostprocessing = 0;
		};
		C0E71D221C052D3800A817A5 /* Sources */ = {
			isa = PBXSourcesBuildPhase;
			buildActionMask = 2147483647;
			files = (
				C0E71D2B1C052D3800A817A5 /* LINLocalLifeTests.m in Sources */,
			);
			runOnlyForDeploymentPostprocessing = 0;
		};
		C0E71D2D1C052D3800A817A5 /* Sources */ = {
			isa = PBXSourcesBuildPhase;
			buildActionMask = 2147483647;
			files = (
				C0E71D361C052D3800A817A5 /* LINLocalLifeUITests.m in Sources */,
			);
			runOnlyForDeploymentPostprocessing = 0;
		};
/* End PBXSourcesBuildPhase section */

/* Begin PBXTargetDependency section */
		C0E71D281C052D3800A817A5 /* PBXTargetDependency */ = {
			isa = PBXTargetDependency;
			target = C0E71D0C1C052D3800A817A5 /* LINLocalLife */;
			targetProxy = C0E71D271C052D3800A817A5 /* PBXContainerItemProxy */;
		};
		C0E71D331C052D3800A817A5 /* PBXTargetDependency */ = {
			isa = PBXTargetDependency;
			target = C0E71D0C1C052D3800A817A5 /* LINLocalLife */;
			targetProxy = C0E71D321C052D3800A817A5 /* PBXContainerItemProxy */;
		};
/* End PBXTargetDependency section */

/* Begin PBXVariantGroup section */
		C0E71D191C052D3800A817A5 /* Main.storyboard */ = {
			isa = PBXVariantGroup;
			children = (
				C0E71D1A1C052D3800A817A5 /* Base */,
			);
			name = Main.storyboard;
			sourceTree = "<group>";
		};
		C0E71D1E1C052D3800A817A5 /* LaunchScreen.storyboard */ = {
			isa = PBXVariantGroup;
			children = (
				C0E71D1F1C052D3800A817A5 /* Base */,
			);
			name = LaunchScreen.storyboard;
			sourceTree = "<group>";
		};
/* End PBXVariantGroup section */

/* Begin XCBuildConfiguration section */
		C0E71D381C052D3800A817A5 /* Debug */ = {
			isa = XCBuildConfiguration;
			buildSettings = {
				ALWAYS_SEARCH_USER_PATHS = NO;
				CLANG_CXX_LANGUAGE_STANDARD = "gnu++0x";
				CLANG_CXX_LIBRARY = "libc++";
				CLANG_ENABLE_MODULES = YES;
				CLANG_ENABLE_OBJC_ARC = YES;
				CLANG_WARN_BOOL_CONVERSION = YES;
				CLANG_WARN_CONSTANT_CONVERSION = YES;
				CLANG_WARN_DIRECT_OBJC_ISA_USAGE = YES_ERROR;
				CLANG_WARN_EMPTY_BODY = YES;
				CLANG_WARN_ENUM_CONVERSION = YES;
				CLANG_WARN_INT_CONVERSION = YES;
				CLANG_WARN_OBJC_ROOT_CLASS = YES_ERROR;
				CLANG_WARN_UNREACHABLE_CODE = YES;
				CLANG_WARN__DUPLICATE_METHOD_MATCH = YES;
				"CODE_SIGN_IDENTITY[sdk=iphoneos*]" = "iPhone Developer";
				COPY_PHASE_STRIP = NO;
				DEBUG_INFORMATION_FORMAT = dwarf;
				ENABLE_STRICT_OBJC_MSGSEND = YES;
				ENABLE_TESTABILITY = YES;
				GCC_C_LANGUAGE_STANDARD = gnu99;
				GCC_DYNAMIC_NO_PIC = NO;
				GCC_NO_COMMON_BLOCKS = YES;
				GCC_OPTIMIZATION_LEVEL = 0;
				GCC_PREPROCESSOR_DEFINITIONS = (
					"DEBUG=1",
					"$(inherited)",
				);
				GCC_WARN_64_TO_32_BIT_CONVERSION = YES;
				GCC_WARN_ABOUT_RETURN_TYPE = YES_ERROR;
				GCC_WARN_UNDECLARED_SELECTOR = YES;
				GCC_WARN_UNINITIALIZED_AUTOS = YES_AGGRESSIVE;
				GCC_WARN_UNUSED_FUNCTION = YES;
				GCC_WARN_UNUSED_VARIABLE = YES;
				IPHONEOS_DEPLOYMENT_TARGET = 9.0;
				MTL_ENABLE_DEBUG_INFO = YES;
				ONLY_ACTIVE_ARCH = YES;
				SDKROOT = iphoneos;
			};
			name = Debug;
		};
		C0E71D391C052D3800A817A5 /* Release */ = {
			isa = XCBuildConfiguration;
			buildSettings = {
				ALWAYS_SEARCH_USER_PATHS = NO;
				CLANG_CXX_LANGUAGE_STANDARD = "gnu++0x";
				CLANG_CXX_LIBRARY = "libc++";
				CLANG_ENABLE_MODULES = YES;
				CLANG_ENABLE_OBJC_ARC = YES;
				CLANG_WARN_BOOL_CONVERSION = YES;
				CLANG_WARN_CONSTANT_CONVERSION = YES;
				CLANG_WARN_DIRECT_OBJC_ISA_USAGE = YES_ERROR;
				CLANG_WARN_EMPTY_BODY = YES;
				CLANG_WARN_ENUM_CONVERSION = YES;
				CLANG_WARN_INT_CONVERSION = YES;
				CLANG_WARN_OBJC_ROOT_CLASS = YES_ERROR;
				CLANG_WARN_UNREACHABLE_CODE = YES;
				CLANG_WARN__DUPLICATE_METHOD_MATCH = YES;
				"CODE_SIGN_IDENTITY[sdk=iphoneos*]" = "iPhone Developer";
				COPY_PHASE_STRIP = NO;
				DEBUG_INFORMATION_FORMAT = "dwarf-with-dsym";
				ENABLE_NS_ASSERTIONS = NO;
				ENABLE_STRICT_OBJC_MSGSEND = YES;
				GCC_C_LANGUAGE_STANDARD = gnu99;
				GCC_NO_COMMON_BLOCKS = YES;
				GCC_WARN_64_TO_32_BIT_CONVERSION = YES;
				GCC_WARN_ABOUT_RETURN_TYPE = YES_ERROR;
				GCC_WARN_UNDECLARED_SELECTOR = YES;
				GCC_WARN_UNINITIALIZED_AUTOS = YES_AGGRESSIVE;
				GCC_WARN_UNUSED_FUNCTION = YES;
				GCC_WARN_UNUSED_VARIABLE = YES;
				IPHONEOS_DEPLOYMENT_TARGET = 9.0;
				MTL_ENABLE_DEBUG_INFO = NO;
				SDKROOT = iphoneos;
				VALIDATE_PRODUCT = YES;
			};
			name = Release;
		};
		C0E71D3B1C052D3800A817A5 /* Debug */ = {
			isa = XCBuildConfiguration;
			baseConfigurationReference = AF5B46BD41DF18AB0A7A4A33 /* Pods.debug.xcconfig */;
			buildSettings = {
				ASSETCATALOG_COMPILER_APPICON_NAME = AppIcon;
				ASSETCATALOG_COMPILER_LAUNCHIMAGE_NAME = LaunchImage;
				GCC_PREFIX_HEADER = PrefixHeader.pch;
				INFOPLIST_FILE = LINLocalLife/Info.plist;
				IPHONEOS_DEPLOYMENT_TARGET = 8.0;
				LD_RUNPATH_SEARCH_PATHS = "$(inherited) @executable_path/Frameworks";
				PRODUCT_BUNDLE_IDENTIFIER = com.family.LINLocalLife;
				PRODUCT_NAME = "$(TARGET_NAME)";
			};
			name = Debug;
		};
		C0E71D3C1C052D3800A817A5 /* Release */ = {
			isa = XCBuildConfiguration;
			baseConfigurationReference = EA83C43FA61787CF945D17DE /* Pods.release.xcconfig */;
			buildSettings = {
				ASSETCATALOG_COMPILER_APPICON_NAME = AppIcon;
				ASSETCATALOG_COMPILER_LAUNCHIMAGE_NAME = LaunchImage;
				GCC_PREFIX_HEADER = PrefixHeader.pch;
				INFOPLIST_FILE = LINLocalLife/Info.plist;
				IPHONEOS_DEPLOYMENT_TARGET = 8.0;
				LD_RUNPATH_SEARCH_PATHS = "$(inherited) @executable_path/Frameworks";
				PRODUCT_BUNDLE_IDENTIFIER = com.family.LINLocalLife;
				PRODUCT_NAME = "$(TARGET_NAME)";
			};
			name = Release;
		};
		C0E71D3E1C052D3800A817A5 /* Debug */ = {
			isa = XCBuildConfiguration;
			buildSettings = {
				BUNDLE_LOADER = "$(TEST_HOST)";
				INFOPLIST_FILE = LINLocalLifeTests/Info.plist;
				LD_RUNPATH_SEARCH_PATHS = "$(inherited) @executable_path/Frameworks @loader_path/Frameworks";
				PRODUCT_BUNDLE_IDENTIFIER = com.family.LINLocalLifeTests;
				PRODUCT_NAME = "$(TARGET_NAME)";
				TEST_HOST = "$(BUILT_PRODUCTS_DIR)/LINLocalLife.app/LINLocalLife";
			};
			name = Debug;
		};
		C0E71D3F1C052D3800A817A5 /* Release */ = {
			isa = XCBuildConfiguration;
			buildSettings = {
				BUNDLE_LOADER = "$(TEST_HOST)";
				INFOPLIST_FILE = LINLocalLifeTests/Info.plist;
				LD_RUNPATH_SEARCH_PATHS = "$(inherited) @executable_path/Frameworks @loader_path/Frameworks";
				PRODUCT_BUNDLE_IDENTIFIER = com.family.LINLocalLifeTests;
				PRODUCT_NAME = "$(TARGET_NAME)";
				TEST_HOST = "$(BUILT_PRODUCTS_DIR)/LINLocalLife.app/LINLocalLife";
			};
			name = Release;
		};
		C0E71D411C052D3800A817A5 /* Debug */ = {
			isa = XCBuildConfiguration;
			buildSettings = {
				INFOPLIST_FILE = LINLocalLifeUITests/Info.plist;
				LD_RUNPATH_SEARCH_PATHS = "$(inherited) @executable_path/Frameworks @loader_path/Frameworks";
				PRODUCT_BUNDLE_IDENTIFIER = com.family.LINLocalLifeUITests;
				PRODUCT_NAME = "$(TARGET_NAME)";
				TEST_TARGET_NAME = LINLocalLife;
				USES_XCTRUNNER = YES;
			};
			name = Debug;
		};
		C0E71D421C052D3800A817A5 /* Release */ = {
			isa = XCBuildConfiguration;
			buildSettings = {
				INFOPLIST_FILE = LINLocalLifeUITests/Info.plist;
				LD_RUNPATH_SEARCH_PATHS = "$(inherited) @executable_path/Frameworks @loader_path/Frameworks";
				PRODUCT_BUNDLE_IDENTIFIER = com.family.LINLocalLifeUITests;
				PRODUCT_NAME = "$(TARGET_NAME)";
				TEST_TARGET_NAME = LINLocalLife;
				USES_XCTRUNNER = YES;
			};
			name = Release;
		};
/* End XCBuildConfiguration section */

/* Begin XCConfigurationList section */
		C0E71D081C052D3800A817A5 /* Build configuration list for PBXProject "LINLocalLife" */ = {
			isa = XCConfigurationList;
			buildConfigurations = (
				C0E71D381C052D3800A817A5 /* Debug */,
				C0E71D391C052D3800A817A5 /* Release */,
			);
			defaultConfigurationIsVisible = 0;
			defaultConfigurationName = Release;
		};
		C0E71D3A1C052D3800A817A5 /* Build configuration list for PBXNativeTarget "LINLocalLife" */ = {
			isa = XCConfigurationList;
			buildConfigurations = (
				C0E71D3B1C052D3800A817A5 /* Debug */,
				C0E71D3C1C052D3800A817A5 /* Release */,
			);
			defaultConfigurationIsVisible = 0;
			defaultConfigurationName = Release;
		};
		C0E71D3D1C052D3800A817A5 /* Build configuration list for PBXNativeTarget "LINLocalLifeTests" */ = {
			isa = XCConfigurationList;
			buildConfigurations = (
				C0E71D3E1C052D3800A817A5 /* Debug */,
				C0E71D3F1C052D3800A817A5 /* Release */,
			);
			defaultConfigurationIsVisible = 0;
			defaultConfigurationName = Release;
		};
		C0E71D401C052D3800A817A5 /* Build configuration list for PBXNativeTarget "LINLocalLifeUITests" */ = {
			isa = XCConfigurationList;
			buildConfigurations = (
				C0E71D411C052D3800A817A5 /* Debug */,
				C0E71D421C052D3800A817A5 /* Release */,
			);
			defaultConfigurationIsVisible = 0;
			defaultConfigurationName = Release;
		};
/* End XCConfigurationList section */
	};
	rootObject = C0E71D051C052D3800A817A5 /* Project object */;
}
